// !$*UTF8*$!
{
	archiveVersion = 1;
	classes = {
	};
	objectVersion = 56;
	objects = {

/* Begin PBXBuildFile section */
		0B19F6972E7C106E0037E29E /* UserNotificationCenterProtocol.swift in Sources */ = {isa = PBXBuildFile; fileRef = 0B19F6962E7C106E0037E29E /* UserNotificationCenterProtocol.swift */; };
		0B19F6992E7C109B0037E29E /* NotificationManager.swift in Sources */ = {isa = PBXBuildFile; fileRef = 0B19F6982E7C109B0037E29E /* NotificationManager.swift */; };
		0B19F69B2E7C10C60037E29E /* NotificationConstants.swift in Sources */ = {isa = PBXBuildFile; fileRef = 0B19F69A2E7C10C60037E29E /* NotificationConstants.swift */; };
		0B19F69F2E7C144F0037E29E /* AppSettingsHookProtocol.swift in Sources */ = {isa = PBXBuildFile; fileRef = 0B19F69E2E7C144F0037E29E /* AppSettingsHookProtocol.swift */; };
		0B19F6A12E7C14770037E29E /* AppHooks.swift in Sources */ = {isa = PBXBuildFile; fileRef = 0B19F6A02E7C14730037E29E /* AppHooks.swift */; };
		0B19F6A32E7C16A60037E29E /* Popup.swift in Sources */ = {isa = PBXBuildFile; fileRef = 0B19F6A22E7C16A60037E29E /* Popup.swift */; };
		0B19F6A92E7C1CC40037E29E /* NotificationPermissionsScreenCoordinator.swift in Sources */ = {isa = PBXBuildFile; fileRef = 0B19F6A82E7C1CC40037E29E /* NotificationPermissionsScreenCoordinator.swift */; };
		0B19F6AB2E7C1CDA0037E29E /* NotificationPermissionsScreenViewModelProtocol.swift in Sources */ = {isa = PBXBuildFile; fileRef = 0B19F6AA2E7C1CDA0037E29E /* NotificationPermissionsScreenViewModelProtocol.swift */; };
		0B19F6AD2E7C1CE50037E29E /* NotificationPermissionsScreenModels.swift in Sources */ = {isa = PBXBuildFile; fileRef = 0B19F6AC2E7C1CE50037E29E /* NotificationPermissionsScreenModels.swift */; };
		0B19F6AF2E7C1D070037E29E /* NotificationPermissionsScreenViewModel.swift in Sources */ = {isa = PBXBuildFile; fileRef = 0B19F6AE2E7C1D070037E29E /* NotificationPermissionsScreenViewModel.swift */; };
		0B19F6B12E7C1D440037E29E /* NotificationPermissionsScreen.swift in Sources */ = {isa = PBXBuildFile; fileRef = 0B19F6B02E7C1D440037E29E /* NotificationPermissionsScreen.swift */; };
		0B19F7E32E7C38700037E29E /* SearchScreenCoordinator.swift in Sources */ = {isa = PBXBuildFile; fileRef = 0B19F7E22E7C38700037E29E /* SearchScreenCoordinator.swift */; };
		0B19F7E52E7C3A490037E29E /* SearchScreenViewModel.swift in Sources */ = {isa = PBXBuildFile; fileRef = 0B19F7E42E7C3A450037E29E /* SearchScreenViewModel.swift */; };
		0B19F7E72E7C3A840037E29E /* SearchScreenModels.swift in Sources */ = {isa = PBXBuildFile; fileRef = 0B19F7E62E7C3A820037E29E /* SearchScreenModels.swift */; };
		0B19F7E92E7C3F4C0037E29E /* SearchScreen.swift in Sources */ = {isa = PBXBuildFile; fileRef = 0B19F7E82E7C3F4A0037E29E /* SearchScreen.swift */; };
		0B19F7EB2E7C422E0037E29E /* AppMediatorProtocol.swift in Sources */ = {isa = PBXBuildFile; fileRef = 0B19F7EA2E7C422E0037E29E /* AppMediatorProtocol.swift */; };
		0B19F7ED2E7C42970037E29E /* AppMediator.swift in Sources */ = {isa = PBXBuildFile; fileRef = 0B19F7EC2E7C42970037E29E /* AppMediator.swift */; };
		0B19F7EF2E7C44B90037E29E /* EventStorageService.swift in Sources */ = {isa = PBXBuildFile; fileRef = 0B19F7EE2E7C44B90037E29E /* EventStorageService.swift */; };
		0B19F7F12E7C477A0037E29E /* FlowStack.swift in Sources */ = {isa = PBXBuildFile; fileRef = 0B19F7F02E7C477A0037E29E /* FlowStack.swift */; };
		0B19F7F42E7C47A20037E29E /* SchoolPill.swift in Sources */ = {isa = PBXBuildFile; fileRef = 0B19F7F32E7C47A20037E29E /* SchoolPill.swift */; };
		0B19F7F72E7C47E40037E29E /* Color.swift in Sources */ = {isa = PBXBuildFile; fileRef = 0B19F7F62E7C47E20037E29E /* Color.swift */; };
		0B19F7FA2E7C480D0037E29E /* PillStyle.swift in Sources */ = {isa = PBXBuildFile; fileRef = 0B19F7F92E7C480D0037E29E /* PillStyle.swift */; };
		0B19F7FC2E7C4AD70037E29E /* Schools.swift in Sources */ = {isa = PBXBuildFile; fileRef = 0B19F7FB2E7C4AD50037E29E /* Schools.swift */; };
		0B19F92B2E7C68140037E29E /* QuickViewScreenCoordinator.swift in Sources */ = {isa = PBXBuildFile; fileRef = 0B19F92A2E7C680E0037E29E /* QuickViewScreenCoordinator.swift */; };
		0B19F92D2E7C69C50037E29E /* QuickViewScreenModels.swift in Sources */ = {isa = PBXBuildFile; fileRef = 0B19F92C2E7C69C20037E29E /* QuickViewScreenModels.swift */; };
		0B19F92F2E7C6AB10037E29E /* QuickViewScreenViewModel.swift in Sources */ = {isa = PBXBuildFile; fileRef = 0B19F92E2E7C6AB00037E29E /* QuickViewScreenViewModel.swift */; };
		0B19F9312E7C6DAA0037E29E /* QuickViewScreen.swift in Sources */ = {isa = PBXBuildFile; fileRef = 0B19F9302E7C6DA80037E29E /* QuickViewScreen.swift */; };
		0B19F9332E7C785D0037E29E /* EventCard.swift in Sources */ = {isa = PBXBuildFile; fileRef = 0B19F9322E7C785C0037E29E /* EventCard.swift */; };
		0B19F9372E7C8B4B0037E29E /* DateSectionHeader.swift in Sources */ = {isa = PBXBuildFile; fileRef = 0B19F9362E7C8B4B0037E29E /* DateSectionHeader.swift */; };
		0B19F9392E7C916E0037E29E /* SearchField.swift in Sources */ = {isa = PBXBuildFile; fileRef = 0B19F9382E7C916E0037E29E /* SearchField.swift */; };
		0B19F93B2E7C91A80037E29E /* SearchMenuActionStyle.swift in Sources */ = {isa = PBXBuildFile; fileRef = 0B19F93A2E7C91A80037E29E /* SearchMenuActionStyle.swift */; };
		0B19F93E2E7C91E20037E29E /* ViewExtensions.swift in Sources */ = {isa = PBXBuildFile; fileRef = 0B19F93D2E7C91DC0037E29E /* ViewExtensions.swift */; };
		0B19F9402E7C9A1B0037E29E /* Event.swift in Sources */ = {isa = PBXBuildFile; fileRef = 0B19F93F2E7C9A1A0037E29E /* Event.swift */; };
		0B19F9422E7CAAE90037E29E /* InfoView.swift in Sources */ = {isa = PBXBuildFile; fileRef = 0B19F9412E7CAAE90037E29E /* InfoView.swift */; };
		0B19F9472E7CB1AB0037E29E /* EventDetailsScreen.swift in Sources */ = {isa = PBXBuildFile; fileRef = 0B19F9462E7CB15B0037E29E /* EventDetailsScreen.swift */; };
		0B19F9492E7CB3210037E29E /* EventDetailsScreenModels.swift in Sources */ = {isa = PBXBuildFile; fileRef = 0B19F9482E7CB3170037E29E /* EventDetailsScreenModels.swift */; };
		0B19F94B2E7CB3340037E29E /* EventDetailsScreenCoordinator.swift in Sources */ = {isa = PBXBuildFile; fileRef = 0B19F94A2E7CB32F0037E29E /* EventDetailsScreenCoordinator.swift */; };
		0B19F94F2E7CB3B20037E29E /* EventDetailsScreenViewModel.swift in Sources */ = {isa = PBXBuildFile; fileRef = 0B19F94E2E7CB3AE0037E29E /* EventDetailsScreenViewModel.swift */; };
		0B19F9512E7D76130037E29E /* SettingsFlowCoordinator.swift in Sources */ = {isa = PBXBuildFile; fileRef = 0B19F9502E7D76080037E29E /* SettingsFlowCoordinator.swift */; };
		0B19F9532E7D76330037E29E /* AccountFlowCoordinator.swift in Sources */ = {isa = PBXBuildFile; fileRef = 0B19F9522E7D76300037E29E /* AccountFlowCoordinator.swift */; };
		0B19F9562E7D77F00037E29E /* SettingsScreenCoordinator.swift in Sources */ = {isa = PBXBuildFile; fileRef = 0B19F9552E7D77F00037E29E /* SettingsScreenCoordinator.swift */; };
		0B19F9582E7D783A0037E29E /* SettingsScreenViewModel.swift in Sources */ = {isa = PBXBuildFile; fileRef = 0B19F9572E7D783A0037E29E /* SettingsScreenViewModel.swift */; };
		0B19F95A2E7D78790037E29E /* SettingsScreenViewModelProtocol.swift in Sources */ = {isa = PBXBuildFile; fileRef = 0B19F9592E7D78790037E29E /* SettingsScreenViewModelProtocol.swift */; };
		0B19F95C2E7D78900037E29E /* SettingsScreenModels.swift in Sources */ = {isa = PBXBuildFile; fileRef = 0B19F95B2E7D78900037E29E /* SettingsScreenModels.swift */; };
		0B19F95E2E7D799A0037E29E /* SettingsScreen.swift in Sources */ = {isa = PBXBuildFile; fileRef = 0B19F95D2E7D79980037E29E /* SettingsScreen.swift */; };
		0B19F9612E7DA59C0037E29E /* AdvancedSettingsScreenCoordinator.swift in Sources */ = {isa = PBXBuildFile; fileRef = 0B19F9602E7DA59C0037E29E /* AdvancedSettingsScreenCoordinator.swift */; };
		0B19F9632E7DA5BC0037E29E /* AdvancedSettingsScreenViewModelProtocol.swift in Sources */ = {isa = PBXBuildFile; fileRef = 0B19F9622E7DA5BC0037E29E /* AdvancedSettingsScreenViewModelProtocol.swift */; };
		0B19F9652E7DA5CA0037E29E /* AdvancedSettingsScreenViewModel.swift in Sources */ = {isa = PBXBuildFile; fileRef = 0B19F9642E7DA5CA0037E29E /* AdvancedSettingsScreenViewModel.swift */; };
		0B19F9672E7DAB680037E29E /* AdvancedSettingsScreenModels.swift in Sources */ = {isa = PBXBuildFile; fileRef = 0B19F9662E7DAB680037E29E /* AdvancedSettingsScreenModels.swift */; };
		0B19F9692E7DAB940037E29E /* AppAppearance.swift in Sources */ = {isa = PBXBuildFile; fileRef = 0B19F9682E7DAB940037E29E /* AppAppearance.swift */; };
		0B30C8E42E7DAC4E0002D799 /* AdvancedSettingsScreen.swift in Sources */ = {isa = PBXBuildFile; fileRef = 0B30C8E32E7DAC4E0002D799 /* AdvancedSettingsScreen.swift */; };
		0B30C8E72E7E04F50002D799 /* AnalyticsService.swift in Sources */ = {isa = PBXBuildFile; fileRef = 0B30C8E62E7E04F50002D799 /* AnalyticsService.swift */; };
		0B30C8EA2E7E10E70002D799 /* NotificationsSettingsScreen.swift in Sources */ = {isa = PBXBuildFile; fileRef = 0B30C8E92E7E10E20002D799 /* NotificationsSettingsScreen.swift */; };
		0B30C8EC2E7E10F40002D799 /* NotificationsSettingsScreenModels.swift in Sources */ = {isa = PBXBuildFile; fileRef = 0B30C8EB2E7E10F10002D799 /* NotificationsSettingsScreenModels.swift */; };
		0B30C8EE2E7E10FB0002D799 /* NotificationsSettingsScreenViewModel.swift in Sources */ = {isa = PBXBuildFile; fileRef = 0B30C8ED2E7E10F70002D799 /* NotificationsSettingsScreenViewModel.swift */; };
		0B30C8F02E7E11020002D799 /* NotificationsSettingsScreenCoordinator.swift in Sources */ = {isa = PBXBuildFile; fileRef = 0B30C8EF2E7E11000002D799 /* NotificationsSettingsScreenCoordinator.swift */; };
		0B30C8F22E7E11330002D799 /* NotificationsSettingsScreenViewModelProtocol.swift in Sources */ = {isa = PBXBuildFile; fileRef = 0B30C8F12E7E112B0002D799 /* NotificationsSettingsScreenViewModelProtocol.swift */; };
		0B30C8F62E7E2BA20002D799 /* BookmarksSettingsScreen.swift in Sources */ = {isa = PBXBuildFile; fileRef = 0B30C8F52E7E2B9E0002D799 /* BookmarksSettingsScreen.swift */; };
		0B30C8F82E7E2BAF0002D799 /* BookmarksSettingsScreenModels.swift in Sources */ = {isa = PBXBuildFile; fileRef = 0B30C8F72E7E2BA80002D799 /* BookmarksSettingsScreenModels.swift */; };
		0B30C8FA2E7E2BBC0002D799 /* BookmarksSettingsScreenViewModelProtocol.swift in Sources */ = {isa = PBXBuildFile; fileRef = 0B30C8F92E7E2BB40002D799 /* BookmarksSettingsScreenViewModelProtocol.swift */; };
		0B30C8FC2E7E2BC30002D799 /* BookmarksSettingsScreenViewModel.swift in Sources */ = {isa = PBXBuildFile; fileRef = 0B30C8FB2E7E2BC00002D799 /* BookmarksSettingsScreenViewModel.swift */; };
		0B30C8FE2E7E2BCB0002D799 /* BookmarksSettingsScreenCoordinator.swift in Sources */ = {isa = PBXBuildFile; fileRef = 0B30C8FD2E7E2BC90002D799 /* BookmarksSettingsScreenCoordinator.swift */; };
		0B30C9012E7ED6480002D799 /* SearchFlowCoordinator.swift in Sources */ = {isa = PBXBuildFile; fileRef = 0B30C9002E7ED6450002D799 /* SearchFlowCoordinator.swift */; };
		0B30C9042E7EE6430002D799 /* AccountScreenCoordinator.swift in Sources */ = {isa = PBXBuildFile; fileRef = 0B30C9032E7EE6400002D799 /* AccountScreenCoordinator.swift */; };
		0B30C9062E7EE6760002D799 /* AccountScreenModels.swift in Sources */ = {isa = PBXBuildFile; fileRef = 0B30C9052E7EE6720002D799 /* AccountScreenModels.swift */; };
		0B30C9082E7EE9B20002D799 /* AccountScreenViewModelProtocol.swift in Sources */ = {isa = PBXBuildFile; fileRef = 0B30C9072E7EE9AE0002D799 /* AccountScreenViewModelProtocol.swift */; };
		0B30C90A2E7EE9CD0002D799 /* AccountScreenViewModel.swift in Sources */ = {isa = PBXBuildFile; fileRef = 0B30C9092E7EE9CA0002D799 /* AccountScreenViewModel.swift */; };
		0B30C90C2E7EF0EA0002D799 /* AccountScreen.swift in Sources */ = {isa = PBXBuildFile; fileRef = 0B30C90B2E7EF0E70002D799 /* AccountScreen.swift */; };
		0B30CA3C2E7F29630002D799 /* UserDataStorageService.swift in Sources */ = {isa = PBXBuildFile; fileRef = 0B30CA3B2E7F29630002D799 /* UserDataStorageService.swift */; };
		0B30CA412E7F41640002D799 /* AccountSettingsScreen.swift in Sources */ = {isa = PBXBuildFile; fileRef = 0B30CA402E7F41020002D799 /* AccountSettingsScreen.swift */; };
		0B30CA432E7F41890002D799 /* AccountSettingsScreenModels.swift in Sources */ = {isa = PBXBuildFile; fileRef = 0B30CA422E7F41820002D799 /* AccountSettingsScreenModels.swift */; };
		0B30CA452E7F41900002D799 /* AccountSettingsScreenViewModel.swift in Sources */ = {isa = PBXBuildFile; fileRef = 0B30CA442E7F418B0002D799 /* AccountSettingsScreenViewModel.swift */; };
		0B30CA472E7F419B0002D799 /* AccountSettingsScreenVIewModelProtocol.swift in Sources */ = {isa = PBXBuildFile; fileRef = 0B30CA462E7F41930002D799 /* AccountSettingsScreenVIewModelProtocol.swift */; };
		0B30CA492E7F41A30002D799 /* AccountSettingsScreenCoordinator.swift in Sources */ = {isa = PBXBuildFile; fileRef = 0B30CA482E7F419E0002D799 /* AccountSettingsScreenCoordinator.swift */; };
		0B5DC81C2E79C7A0001B668F /* FirebaseAnalytics in Frameworks */ = {isa = PBXBuildFile; productRef = 0B5DC81B2E79C7A0001B668F /* FirebaseAnalytics */; };
		0B5DC81E2E79C7A0001B668F /* FirebaseAnalyticsCore in Frameworks */ = {isa = PBXBuildFile; productRef = 0B5DC81D2E79C7A0001B668F /* FirebaseAnalyticsCore */; };
		0B5DC8202E79C7A0001B668F /* FirebaseCore in Frameworks */ = {isa = PBXBuildFile; productRef = 0B5DC81F2E79C7A0001B668F /* FirebaseCore */; };
		0B5DC8222E79C7A0001B668F /* FirebaseCrashlytics in Frameworks */ = {isa = PBXBuildFile; productRef = 0B5DC8212E79C7A0001B668F /* FirebaseCrashlytics */; };
		0B5DC8242E79C7A0001B668F /* FirebaseInAppMessaging-Beta in Frameworks */ = {isa = PBXBuildFile; productRef = 0B5DC8232E79C7A0001B668F /* FirebaseInAppMessaging-Beta */; };
		0B5DC8262E79C7CF001B668F /* FirebaseMessaging in Frameworks */ = {isa = PBXBuildFile; productRef = 0B5DC8252E79C7CF001B668F /* FirebaseMessaging */; };
		0B6A39EB2E81BBC300977B1A /* WebSocketSessionManager.swift in Sources */ = {isa = PBXBuildFile; fileRef = 0B6A39EA2E81BBC300977B1A /* WebSocketSessionManager.swift */; };
		0B6A39EE2E832E5B00977B1A /* Shimmer.swift in Sources */ = {isa = PBXBuildFile; fileRef = 0B6A39ED2E832E5A00977B1A /* Shimmer.swift */; };
		0BAEDEFF2E7B175900EA6796 /* NetworkSettings.swift in Sources */ = {isa = PBXBuildFile; fileRef = 0BAEDEFB2E7B175900EA6796 /* NetworkSettings.swift */; };
		0BAEDF002E7B175900EA6796 /* TumbleEndpoint.swift in Sources */ = {isa = PBXBuildFile; fileRef = 0BAEDEFA2E7B175900EA6796 /* TumbleEndpoint.swift */; };
		0BAEDF052E7B176400EA6796 /* KeychainController.swift in Sources */ = {isa = PBXBuildFile; fileRef = 0BAEDF022E7B176400EA6796 /* KeychainController.swift */; };
		0BAEDF062E7B176400EA6796 /* AuthenticationService.swift in Sources */ = {isa = PBXBuildFile; fileRef = 0BAEDF012E7B176400EA6796 /* AuthenticationService.swift */; };
		0BAEDF0B2E7B177800EA6796 /* Config.swift in Sources */ = {isa = PBXBuildFile; fileRef = 0BAEDF072E7B177800EA6796 /* Config.swift */; };
		0BAEDF0C2E7B177800EA6796 /* Dev.xcconfig in Resources */ = {isa = PBXBuildFile; fileRef = 0BAEDF092E7B177800EA6796 /* Dev.xcconfig */; };
		0BAEDF0D2E7B177800EA6796 /* Default.xcconfig in Resources */ = {isa = PBXBuildFile; fileRef = 0BAEDF082E7B177800EA6796 /* Default.xcconfig */; };
		0BAEDF112E7B17B900EA6796 /* Request.swift in Sources */ = {isa = PBXBuildFile; fileRef = 0BAEDF0E2E7B17B900EA6796 /* Request.swift */; };
		0BAEDF122E7B17B900EA6796 /* Response.swift in Sources */ = {isa = PBXBuildFile; fileRef = 0BAEDF0F2E7B17B900EA6796 /* Response.swift */; };
		0BAEDF142E7B17E200EA6796 /* TumbleUser.swift in Sources */ = {isa = PBXBuildFile; fileRef = 0BAEDF132E7B17E200EA6796 /* TumbleUser.swift */; };
		0BAEDF162E7B181C00EA6796 /* Method.swift in Sources */ = {isa = PBXBuildFile; fileRef = 0BAEDF152E7B181C00EA6796 /* Method.swift */; };
		0BAEDF182E7B189E00EA6796 /* UserPreference.swift in Sources */ = {isa = PBXBuildFile; fileRef = 0BAEDF172E7B189B00EA6796 /* UserPreference.swift */; };
		0BAEDF1A2E7B196100EA6796 /* School.swift in Sources */ = {isa = PBXBuildFile; fileRef = 0BAEDF192E7B196100EA6796 /* School.swift */; };
		0BAEDF1D2E7B1B1E00EA6796 /* TumbleAPIService.swift in Sources */ = {isa = PBXBuildFile; fileRef = 0BAEDF1C2E7B1B1C00EA6796 /* TumbleAPIService.swift */; };
		0BAEDF1F2E7B1D4900EA6796 /* AppSettings.swift in Sources */ = {isa = PBXBuildFile; fileRef = 0BAEDF1E2E7B1D4700EA6796 /* AppSettings.swift */; };
		0BAEDF242E7B232500EA6796 /* NetworkMonitor.swift in Sources */ = {isa = PBXBuildFile; fileRef = 0BAEDF232E7B232000EA6796 /* NetworkMonitor.swift */; };
		0BAEDF272E7B238000EA6796 /* NetworkMonitorProtocol.swift in Sources */ = {isa = PBXBuildFile; fileRef = 0BAEDF262E7B237D00EA6796 /* NetworkMonitorProtocol.swift */; };
		0BAEDF292E7B23B200EA6796 /* CurrentValuePublisher.swift in Sources */ = {isa = PBXBuildFile; fileRef = 0BAEDF282E7B23AC00EA6796 /* CurrentValuePublisher.swift */; };
		0BAEDF2E2E7B2C1F00EA6796 /* StateStoreViewModel.swift in Sources */ = {isa = PBXBuildFile; fileRef = 0BAEDF2D2E7B2C1A00EA6796 /* StateStoreViewModel.swift */; };
		0BAEDF302E7B2C4400EA6796 /* BindableState.swift in Sources */ = {isa = PBXBuildFile; fileRef = 0BAEDF2F2E7B2C4100EA6796 /* BindableState.swift */; };
		0BAEDF332E7B3E0F00EA6796 /* ApplicationCoordinatorStateMachine.swift in Sources */ = {isa = PBXBuildFile; fileRef = 0BAEDF322E7B3E0F00EA6796 /* ApplicationCoordinatorStateMachine.swift */; };
		0BAEDF372E7B3E5A00EA6796 /* SwiftState in Frameworks */ = {isa = PBXBuildFile; productRef = 0BAEDF362E7B3E5A00EA6796 /* SwiftState */; };
		0BAEE1EE2E7B476F00EA6796 /* CoordinatorProtocol.swift in Sources */ = {isa = PBXBuildFile; fileRef = 0BAEE1ED2E7B476F00EA6796 /* CoordinatorProtocol.swift */; };
		0BAEE1F02E7B47BF00EA6796 /* FlowCoordinatorProtocol.swift in Sources */ = {isa = PBXBuildFile; fileRef = 0BAEE1EF2E7B47BB00EA6796 /* FlowCoordinatorProtocol.swift */; };
		0BAEE1F32E7B47F300EA6796 /* AppRoute.swift in Sources */ = {isa = PBXBuildFile; fileRef = 0BAEE1F22E7B47EF00EA6796 /* AppRoute.swift */; };
		0BAEE1F62E7B491700EA6796 /* SceneDelegate.swift in Sources */ = {isa = PBXBuildFile; fileRef = 0BAEE1F52E7B491500EA6796 /* SceneDelegate.swift */; };
		0BAEE1F82E7B497F00EA6796 /* WindowManagerDelegate.swift in Sources */ = {isa = PBXBuildFile; fileRef = 0BAEE1F72E7B497A00EA6796 /* WindowManagerDelegate.swift */; };
		0BAEE1FA2E7B4A9F00EA6796 /* WindowManager.swift in Sources */ = {isa = PBXBuildFile; fileRef = 0BAEE1F92E7B4A9F00EA6796 /* WindowManager.swift */; };
		0BAEE1FC2E7B4AFF00EA6796 /* CancellableTask.swift in Sources */ = {isa = PBXBuildFile; fileRef = 0BAEE1FB2E7B4AFC00EA6796 /* CancellableTask.swift */; };
		0BAEE1FE2E7B5B9B00EA6796 /* NavigationRootCoordinator.swift in Sources */ = {isa = PBXBuildFile; fileRef = 0BAEE1FD2E7B5B9900EA6796 /* NavigationRootCoordinator.swift */; };
		0BAEE2002E7B5BDB00EA6796 /* NavigationModule.swift in Sources */ = {isa = PBXBuildFile; fileRef = 0BAEE1FF2E7B5BD900EA6796 /* NavigationModule.swift */; };
		0BAEE2022E7B5C0A00EA6796 /* NavigationStackCoordinator.swift in Sources */ = {isa = PBXBuildFile; fileRef = 0BAEE2012E7B5C0700EA6796 /* NavigationStackCoordinator.swift */; };
		0BAEE2042E7B5CB400EA6796 /* ApplicationCoordinatorProtocol.swift in Sources */ = {isa = PBXBuildFile; fileRef = 0BAEE2032E7B5CB100EA6796 /* ApplicationCoordinatorProtocol.swift */; };
		0BAEE2062E7B5D0C00EA6796 /* ApplicationCoordinator.swift in Sources */ = {isa = PBXBuildFile; fileRef = 0BAEE2052E7B5D0C00EA6796 /* ApplicationCoordinator.swift */; };
		0BAEE2092E7B5E7900EA6796 /* BookmarksFlowCoordinator.swift in Sources */ = {isa = PBXBuildFile; fileRef = 0BAEE2082E7B5E7600EA6796 /* BookmarksFlowCoordinator.swift */; };
		0BAEE20D2E7B639100EA6796 /* PlaceholderScreenCoordinator.swift in Sources */ = {isa = PBXBuildFile; fileRef = 0BAEE20C2E7B638C00EA6796 /* PlaceholderScreenCoordinator.swift */; };
		0BAEE20F2E7B644400EA6796 /* BookmarksFlowCoordinatorStateMachine.swift in Sources */ = {isa = PBXBuildFile; fileRef = 0BAEE20E2E7B643F00EA6796 /* BookmarksFlowCoordinatorStateMachine.swift */; };
		0BAEE2122E7B66C600EA6796 /* OnboardingFlowCoordinator.swift in Sources */ = {isa = PBXBuildFile; fileRef = 0BAEE2112E7B66C100EA6796 /* OnboardingFlowCoordinator.swift */; };
		0BAEE2172E7B689D00EA6796 /* BookmarksScreenCoordinator.swift in Sources */ = {isa = PBXBuildFile; fileRef = 0BAEE2162E7B688D00EA6796 /* BookmarksScreenCoordinator.swift */; };
		0BAEE2232E7B6CB100EA6796 /* BookmarksScreen.swift in Sources */ = {isa = PBXBuildFile; fileRef = 0BAEE2222E7B6CAE00EA6796 /* BookmarksScreen.swift */; };
		0BAEE2252E7B6CBA00EA6796 /* BookmarksScreenViewModel.swift in Sources */ = {isa = PBXBuildFile; fileRef = 0BAEE2242E7B6CB600EA6796 /* BookmarksScreenViewModel.swift */; };
		0BAEE2272E7B6CFF00EA6796 /* BookmarksScreenModels.swift in Sources */ = {isa = PBXBuildFile; fileRef = 0BAEE2262E7B6CFA00EA6796 /* BookmarksScreenModels.swift */; };
		0BAEE2292E7B6E1800EA6796 /* SplashScreenCoordinator.swift in Sources */ = {isa = PBXBuildFile; fileRef = 0BAEE2282E7B6E1400EA6796 /* SplashScreenCoordinator.swift */; };
		0BAEE2322E7BF90700EA6796 /* NotificationManagerProtocol.swift in Sources */ = {isa = PBXBuildFile; fileRef = 0BAEE2312E7BF90700EA6796 /* NotificationManagerProtocol.swift */; };
		0BAEE2382E7BFD3500EA6796 /* KeychainAccess in Frameworks */ = {isa = PBXBuildFile; productRef = 0BAEE2372E7BFD3500EA6796 /* KeychainAccess */; };
		0BDE19672E7F771D004C6A51 /* UserAvatar.swift in Sources */ = {isa = PBXBuildFile; fileRef = 0BDE19662E7F771D004C6A51 /* UserAvatar.swift */; };
		0BDE196B2E7F7AEE004C6A51 /* DesignTokens.swift in Sources */ = {isa = PBXBuildFile; fileRef = 0BDE196A2E7F7AEE004C6A51 /* DesignTokens.swift */; };
		0BDE19762E7F82BB004C6A51 /* SwiftUIIntrospect in Frameworks */ = {isa = PBXBuildFile; productRef = 0BDE19752E7F82BB004C6A51 /* SwiftUIIntrospect */; };
		0BDE19792E7F8630004C6A51 /* ServiceLocator.swift in Sources */ = {isa = PBXBuildFile; fileRef = 0BDE19782E7F8630004C6A51 /* ServiceLocator.swift */; };
		0BDE197B2E800250004C6A51 /* KeychainControllerProtocol.swift in Sources */ = {isa = PBXBuildFile; fileRef = 0BDE197A2E80024B004C6A51 /* KeychainControllerProtocol.swift */; };
		0BDE197D2E8003FA004C6A51 /* AuthenticationServiceProtocol.swift in Sources */ = {isa = PBXBuildFile; fileRef = 0BDE197C2E8003F5004C6A51 /* AuthenticationServiceProtocol.swift */; };
		0BDE197F2E8004E8004C6A51 /* TumbleAPIServiceProtocol.swift in Sources */ = {isa = PBXBuildFile; fileRef = 0BDE197E2E8004E1004C6A51 /* TumbleAPIServiceProtocol.swift */; };
		0BDE19822E8005F1004C6A51 /* UserDataStorageServiceProtocol.swift in Sources */ = {isa = PBXBuildFile; fileRef = 0BDE19812E8005F0004C6A51 /* UserDataStorageServiceProtocol.swift */; };
		0BDE19842E8006B7004C6A51 /* EventStorageServiceProtocol.swift in Sources */ = {isa = PBXBuildFile; fileRef = 0BDE19832E8006B6004C6A51 /* EventStorageServiceProtocol.swift */; };
		D42BAC1C298D3D590025EAA9 /* Logging in Frameworks */ = {isa = PBXBuildFile; productRef = D42BAC1B298D3D590025EAA9 /* Logging */; };
		D42BAC1E298D3D6A0025EAA9 /* AppLogger.swift in Sources */ = {isa = PBXBuildFile; fileRef = D42BAC1D298D3D6A0025EAA9 /* AppLogger.swift */; };
		D430F74329C615DC00E30E48 /* FSCalendar in Frameworks */ = {isa = PBXBuildFile; productRef = D430F74229C615DC00E30E48 /* FSCalendar */; };
		D433F0152CB5B10D0097F561 /* GoogleService-Info.plist in Resources */ = {isa = PBXBuildFile; fileRef = D433F0142CB5B10D0097F561 /* GoogleService-Info.plist */; };
		D4562E0B2A27E9020059ED36 /* PopupFactory.swift in Sources */ = {isa = PBXBuildFile; fileRef = D4562E0A2A27E9020059ED36 /* PopupFactory.swift */; };
		D4722149292454560063BDB7 /* Application.swift in Sources */ = {isa = PBXBuildFile; fileRef = D4722148292454560063BDB7 /* Application.swift */; };
		D472214D292454570063BDB7 /* Assets.xcassets in Resources */ = {isa = PBXBuildFile; fileRef = D472214C292454570063BDB7 /* Assets.xcassets */; };
		D4A433B829951F2B00BFEB7A /* AppDelegate.swift in Sources */ = {isa = PBXBuildFile; fileRef = D4A433B729951F2B00BFEB7A /* AppDelegate.swift */; };
		D4ACD86E2AD9436C00780998 /* MijickPopupView in Frameworks */ = {isa = PBXBuildFile; productRef = D4ACD86D2AD9436C00780998 /* MijickPopupView */; };
		D4CD0F0529D5DC9D00AB5FD0 /* Localizable.strings in Resources */ = {isa = PBXBuildFile; fileRef = D4CD0F0729D5DC9D00AB5FD0 /* Localizable.strings */; };
		D4D7B45B29F1505A0032AEEF /* README.md in Resources */ = {isa = PBXBuildFile; fileRef = D4D7B45A29F1505A0032AEEF /* README.md */; };
/* End PBXBuildFile section */

/* Begin PBXCopyFilesBuildPhase section */
		D4D5F1212C860D1200301A90 /* Embed Frameworks */ = {
			isa = PBXCopyFilesBuildPhase;
			buildActionMask = 2147483647;
			dstPath = "";
			dstSubfolderSpec = 10;
			files = (
			);
			name = "Embed Frameworks";
			runOnlyForDeploymentPostprocessing = 0;
		};
		D4D778EC2B8CE6DE00D82C94 /* Embed Foundation Extensions */ = {
			isa = PBXCopyFilesBuildPhase;
			buildActionMask = 2147483647;
			dstPath = "";
			dstSubfolderSpec = 13;
			files = (
			);
			name = "Embed Foundation Extensions";
			runOnlyForDeploymentPostprocessing = 0;
		};
/* End PBXCopyFilesBuildPhase section */

/* Begin PBXFileReference section */
		0B19F6962E7C106E0037E29E /* UserNotificationCenterProtocol.swift */ = {isa = PBXFileReference; lastKnownFileType = sourcecode.swift; path = UserNotificationCenterProtocol.swift; sourceTree = "<group>"; };
		0B19F6982E7C109B0037E29E /* NotificationManager.swift */ = {isa = PBXFileReference; lastKnownFileType = sourcecode.swift; path = NotificationManager.swift; sourceTree = "<group>"; };
		0B19F69A2E7C10C60037E29E /* NotificationConstants.swift */ = {isa = PBXFileReference; lastKnownFileType = sourcecode.swift; path = NotificationConstants.swift; sourceTree = "<group>"; };
		0B19F69E2E7C144F0037E29E /* AppSettingsHookProtocol.swift */ = {isa = PBXFileReference; lastKnownFileType = sourcecode.swift; path = AppSettingsHookProtocol.swift; sourceTree = "<group>"; };
		0B19F6A02E7C14730037E29E /* AppHooks.swift */ = {isa = PBXFileReference; lastKnownFileType = sourcecode.swift; path = AppHooks.swift; sourceTree = "<group>"; };
		0B19F6A22E7C16A60037E29E /* Popup.swift */ = {isa = PBXFileReference; lastKnownFileType = sourcecode.swift; path = Popup.swift; sourceTree = "<group>"; };
		0B19F6A82E7C1CC40037E29E /* NotificationPermissionsScreenCoordinator.swift */ = {isa = PBXFileReference; lastKnownFileType = sourcecode.swift; path = NotificationPermissionsScreenCoordinator.swift; sourceTree = "<group>"; };
		0B19F6AA2E7C1CDA0037E29E /* NotificationPermissionsScreenViewModelProtocol.swift */ = {isa = PBXFileReference; lastKnownFileType = sourcecode.swift; path = NotificationPermissionsScreenViewModelProtocol.swift; sourceTree = "<group>"; };
		0B19F6AC2E7C1CE50037E29E /* NotificationPermissionsScreenModels.swift */ = {isa = PBXFileReference; lastKnownFileType = sourcecode.swift; path = NotificationPermissionsScreenModels.swift; sourceTree = "<group>"; };
		0B19F6AE2E7C1D070037E29E /* NotificationPermissionsScreenViewModel.swift */ = {isa = PBXFileReference; lastKnownFileType = sourcecode.swift; path = NotificationPermissionsScreenViewModel.swift; sourceTree = "<group>"; };
		0B19F6B02E7C1D440037E29E /* NotificationPermissionsScreen.swift */ = {isa = PBXFileReference; lastKnownFileType = sourcecode.swift; path = NotificationPermissionsScreen.swift; sourceTree = "<group>"; };
		0B19F7E22E7C38700037E29E /* SearchScreenCoordinator.swift */ = {isa = PBXFileReference; lastKnownFileType = sourcecode.swift; path = SearchScreenCoordinator.swift; sourceTree = "<group>"; };
		0B19F7E42E7C3A450037E29E /* SearchScreenViewModel.swift */ = {isa = PBXFileReference; lastKnownFileType = sourcecode.swift; path = SearchScreenViewModel.swift; sourceTree = "<group>"; };
		0B19F7E62E7C3A820037E29E /* SearchScreenModels.swift */ = {isa = PBXFileReference; lastKnownFileType = sourcecode.swift; path = SearchScreenModels.swift; sourceTree = "<group>"; };
		0B19F7E82E7C3F4A0037E29E /* SearchScreen.swift */ = {isa = PBXFileReference; lastKnownFileType = sourcecode.swift; path = SearchScreen.swift; sourceTree = "<group>"; };
		0B19F7EA2E7C422E0037E29E /* AppMediatorProtocol.swift */ = {isa = PBXFileReference; lastKnownFileType = sourcecode.swift; path = AppMediatorProtocol.swift; sourceTree = "<group>"; };
		0B19F7EC2E7C42970037E29E /* AppMediator.swift */ = {isa = PBXFileReference; lastKnownFileType = sourcecode.swift; path = AppMediator.swift; sourceTree = "<group>"; };
		0B19F7EE2E7C44B90037E29E /* EventStorageService.swift */ = {isa = PBXFileReference; lastKnownFileType = sourcecode.swift; path = EventStorageService.swift; sourceTree = "<group>"; };
		0B19F7F02E7C477A0037E29E /* FlowStack.swift */ = {isa = PBXFileReference; lastKnownFileType = sourcecode.swift; path = FlowStack.swift; sourceTree = "<group>"; };
		0B19F7F32E7C47A20037E29E /* SchoolPill.swift */ = {isa = PBXFileReference; lastKnownFileType = sourcecode.swift; path = SchoolPill.swift; sourceTree = "<group>"; };
		0B19F7F62E7C47E20037E29E /* Color.swift */ = {isa = PBXFileReference; lastKnownFileType = sourcecode.swift; path = Color.swift; sourceTree = "<group>"; };
		0B19F7F92E7C480D0037E29E /* PillStyle.swift */ = {isa = PBXFileReference; lastKnownFileType = sourcecode.swift; path = PillStyle.swift; sourceTree = "<group>"; };
		0B19F7FB2E7C4AD50037E29E /* Schools.swift */ = {isa = PBXFileReference; lastKnownFileType = sourcecode.swift; path = Schools.swift; sourceTree = "<group>"; };
		0B19F92A2E7C680E0037E29E /* QuickViewScreenCoordinator.swift */ = {isa = PBXFileReference; lastKnownFileType = sourcecode.swift; path = QuickViewScreenCoordinator.swift; sourceTree = "<group>"; };
		0B19F92C2E7C69C20037E29E /* QuickViewScreenModels.swift */ = {isa = PBXFileReference; lastKnownFileType = sourcecode.swift; path = QuickViewScreenModels.swift; sourceTree = "<group>"; };
		0B19F92E2E7C6AB00037E29E /* QuickViewScreenViewModel.swift */ = {isa = PBXFileReference; lastKnownFileType = sourcecode.swift; path = QuickViewScreenViewModel.swift; sourceTree = "<group>"; };
		0B19F9302E7C6DA80037E29E /* QuickViewScreen.swift */ = {isa = PBXFileReference; lastKnownFileType = sourcecode.swift; path = QuickViewScreen.swift; sourceTree = "<group>"; };
		0B19F9322E7C785C0037E29E /* EventCard.swift */ = {isa = PBXFileReference; lastKnownFileType = sourcecode.swift; path = EventCard.swift; sourceTree = "<group>"; };
		0B19F9362E7C8B4B0037E29E /* DateSectionHeader.swift */ = {isa = PBXFileReference; lastKnownFileType = sourcecode.swift; path = DateSectionHeader.swift; sourceTree = "<group>"; };
		0B19F9382E7C916E0037E29E /* SearchField.swift */ = {isa = PBXFileReference; lastKnownFileType = sourcecode.swift; path = SearchField.swift; sourceTree = "<group>"; };
		0B19F93A2E7C91A80037E29E /* SearchMenuActionStyle.swift */ = {isa = PBXFileReference; lastKnownFileType = sourcecode.swift; path = SearchMenuActionStyle.swift; sourceTree = "<group>"; };
		0B19F93D2E7C91DC0037E29E /* ViewExtensions.swift */ = {isa = PBXFileReference; lastKnownFileType = sourcecode.swift; path = ViewExtensions.swift; sourceTree = "<group>"; };
		0B19F93F2E7C9A1A0037E29E /* Event.swift */ = {isa = PBXFileReference; lastKnownFileType = sourcecode.swift; path = Event.swift; sourceTree = "<group>"; };
		0B19F9412E7CAAE90037E29E /* InfoView.swift */ = {isa = PBXFileReference; lastKnownFileType = sourcecode.swift; path = InfoView.swift; sourceTree = "<group>"; };
		0B19F9462E7CB15B0037E29E /* EventDetailsScreen.swift */ = {isa = PBXFileReference; lastKnownFileType = sourcecode.swift; path = EventDetailsScreen.swift; sourceTree = "<group>"; };
		0B19F9482E7CB3170037E29E /* EventDetailsScreenModels.swift */ = {isa = PBXFileReference; lastKnownFileType = sourcecode.swift; path = EventDetailsScreenModels.swift; sourceTree = "<group>"; };
		0B19F94A2E7CB32F0037E29E /* EventDetailsScreenCoordinator.swift */ = {isa = PBXFileReference; lastKnownFileType = sourcecode.swift; path = EventDetailsScreenCoordinator.swift; sourceTree = "<group>"; };
		0B19F94E2E7CB3AE0037E29E /* EventDetailsScreenViewModel.swift */ = {isa = PBXFileReference; lastKnownFileType = sourcecode.swift; path = EventDetailsScreenViewModel.swift; sourceTree = "<group>"; };
		0B19F9502E7D76080037E29E /* SettingsFlowCoordinator.swift */ = {isa = PBXFileReference; lastKnownFileType = sourcecode.swift; path = SettingsFlowCoordinator.swift; sourceTree = "<group>"; };
		0B19F9522E7D76300037E29E /* AccountFlowCoordinator.swift */ = {isa = PBXFileReference; lastKnownFileType = sourcecode.swift; path = AccountFlowCoordinator.swift; sourceTree = "<group>"; };
		0B19F9552E7D77F00037E29E /* SettingsScreenCoordinator.swift */ = {isa = PBXFileReference; lastKnownFileType = sourcecode.swift; path = SettingsScreenCoordinator.swift; sourceTree = "<group>"; };
		0B19F9572E7D783A0037E29E /* SettingsScreenViewModel.swift */ = {isa = PBXFileReference; lastKnownFileType = sourcecode.swift; path = SettingsScreenViewModel.swift; sourceTree = "<group>"; };
		0B19F9592E7D78790037E29E /* SettingsScreenViewModelProtocol.swift */ = {isa = PBXFileReference; lastKnownFileType = sourcecode.swift; path = SettingsScreenViewModelProtocol.swift; sourceTree = "<group>"; };
		0B19F95B2E7D78900037E29E /* SettingsScreenModels.swift */ = {isa = PBXFileReference; lastKnownFileType = sourcecode.swift; path = SettingsScreenModels.swift; sourceTree = "<group>"; };
		0B19F95D2E7D79980037E29E /* SettingsScreen.swift */ = {isa = PBXFileReference; lastKnownFileType = sourcecode.swift; path = SettingsScreen.swift; sourceTree = "<group>"; };
		0B19F9602E7DA59C0037E29E /* AdvancedSettingsScreenCoordinator.swift */ = {isa = PBXFileReference; lastKnownFileType = sourcecode.swift; path = AdvancedSettingsScreenCoordinator.swift; sourceTree = "<group>"; };
		0B19F9622E7DA5BC0037E29E /* AdvancedSettingsScreenViewModelProtocol.swift */ = {isa = PBXFileReference; lastKnownFileType = sourcecode.swift; path = AdvancedSettingsScreenViewModelProtocol.swift; sourceTree = "<group>"; };
		0B19F9642E7DA5CA0037E29E /* AdvancedSettingsScreenViewModel.swift */ = {isa = PBXFileReference; lastKnownFileType = sourcecode.swift; path = AdvancedSettingsScreenViewModel.swift; sourceTree = "<group>"; };
		0B19F9662E7DAB680037E29E /* AdvancedSettingsScreenModels.swift */ = {isa = PBXFileReference; lastKnownFileType = sourcecode.swift; path = AdvancedSettingsScreenModels.swift; sourceTree = "<group>"; };
		0B19F9682E7DAB940037E29E /* AppAppearance.swift */ = {isa = PBXFileReference; lastKnownFileType = sourcecode.swift; path = AppAppearance.swift; sourceTree = "<group>"; };
		0B30C8E32E7DAC4E0002D799 /* AdvancedSettingsScreen.swift */ = {isa = PBXFileReference; lastKnownFileType = sourcecode.swift; path = AdvancedSettingsScreen.swift; sourceTree = "<group>"; };
		0B30C8E62E7E04F50002D799 /* AnalyticsService.swift */ = {isa = PBXFileReference; lastKnownFileType = sourcecode.swift; path = AnalyticsService.swift; sourceTree = "<group>"; };
		0B30C8E92E7E10E20002D799 /* NotificationsSettingsScreen.swift */ = {isa = PBXFileReference; lastKnownFileType = sourcecode.swift; path = NotificationsSettingsScreen.swift; sourceTree = "<group>"; };
		0B30C8EB2E7E10F10002D799 /* NotificationsSettingsScreenModels.swift */ = {isa = PBXFileReference; lastKnownFileType = sourcecode.swift; path = NotificationsSettingsScreenModels.swift; sourceTree = "<group>"; };
		0B30C8ED2E7E10F70002D799 /* NotificationsSettingsScreenViewModel.swift */ = {isa = PBXFileReference; lastKnownFileType = sourcecode.swift; path = NotificationsSettingsScreenViewModel.swift; sourceTree = "<group>"; };
		0B30C8EF2E7E11000002D799 /* NotificationsSettingsScreenCoordinator.swift */ = {isa = PBXFileReference; lastKnownFileType = sourcecode.swift; path = NotificationsSettingsScreenCoordinator.swift; sourceTree = "<group>"; };
		0B30C8F12E7E112B0002D799 /* NotificationsSettingsScreenViewModelProtocol.swift */ = {isa = PBXFileReference; lastKnownFileType = sourcecode.swift; path = NotificationsSettingsScreenViewModelProtocol.swift; sourceTree = "<group>"; };
		0B30C8F52E7E2B9E0002D799 /* BookmarksSettingsScreen.swift */ = {isa = PBXFileReference; lastKnownFileType = sourcecode.swift; path = BookmarksSettingsScreen.swift; sourceTree = "<group>"; };
		0B30C8F72E7E2BA80002D799 /* BookmarksSettingsScreenModels.swift */ = {isa = PBXFileReference; lastKnownFileType = sourcecode.swift; path = BookmarksSettingsScreenModels.swift; sourceTree = "<group>"; };
		0B30C8F92E7E2BB40002D799 /* BookmarksSettingsScreenViewModelProtocol.swift */ = {isa = PBXFileReference; lastKnownFileType = sourcecode.swift; path = BookmarksSettingsScreenViewModelProtocol.swift; sourceTree = "<group>"; };
		0B30C8FB2E7E2BC00002D799 /* BookmarksSettingsScreenViewModel.swift */ = {isa = PBXFileReference; lastKnownFileType = sourcecode.swift; path = BookmarksSettingsScreenViewModel.swift; sourceTree = "<group>"; };
		0B30C8FD2E7E2BC90002D799 /* BookmarksSettingsScreenCoordinator.swift */ = {isa = PBXFileReference; lastKnownFileType = sourcecode.swift; path = BookmarksSettingsScreenCoordinator.swift; sourceTree = "<group>"; };
		0B30C9002E7ED6450002D799 /* SearchFlowCoordinator.swift */ = {isa = PBXFileReference; lastKnownFileType = sourcecode.swift; path = SearchFlowCoordinator.swift; sourceTree = "<group>"; };
		0B30C9032E7EE6400002D799 /* AccountScreenCoordinator.swift */ = {isa = PBXFileReference; lastKnownFileType = sourcecode.swift; path = AccountScreenCoordinator.swift; sourceTree = "<group>"; };
		0B30C9052E7EE6720002D799 /* AccountScreenModels.swift */ = {isa = PBXFileReference; lastKnownFileType = sourcecode.swift; path = AccountScreenModels.swift; sourceTree = "<group>"; };
		0B30C9072E7EE9AE0002D799 /* AccountScreenViewModelProtocol.swift */ = {isa = PBXFileReference; lastKnownFileType = sourcecode.swift; path = AccountScreenViewModelProtocol.swift; sourceTree = "<group>"; };
		0B30C9092E7EE9CA0002D799 /* AccountScreenViewModel.swift */ = {isa = PBXFileReference; lastKnownFileType = sourcecode.swift; path = AccountScreenViewModel.swift; sourceTree = "<group>"; };
		0B30C90B2E7EF0E70002D799 /* AccountScreen.swift */ = {isa = PBXFileReference; lastKnownFileType = sourcecode.swift; path = AccountScreen.swift; sourceTree = "<group>"; };
		0B30CA3B2E7F29630002D799 /* UserDataStorageService.swift */ = {isa = PBXFileReference; lastKnownFileType = sourcecode.swift; path = UserDataStorageService.swift; sourceTree = "<group>"; };
		0B30CA402E7F41020002D799 /* AccountSettingsScreen.swift */ = {isa = PBXFileReference; lastKnownFileType = sourcecode.swift; path = AccountSettingsScreen.swift; sourceTree = "<group>"; };
		0B30CA422E7F41820002D799 /* AccountSettingsScreenModels.swift */ = {isa = PBXFileReference; lastKnownFileType = sourcecode.swift; path = AccountSettingsScreenModels.swift; sourceTree = "<group>"; };
		0B30CA442E7F418B0002D799 /* AccountSettingsScreenViewModel.swift */ = {isa = PBXFileReference; lastKnownFileType = sourcecode.swift; path = AccountSettingsScreenViewModel.swift; sourceTree = "<group>"; };
		0B30CA462E7F41930002D799 /* AccountSettingsScreenVIewModelProtocol.swift */ = {isa = PBXFileReference; lastKnownFileType = sourcecode.swift; path = AccountSettingsScreenVIewModelProtocol.swift; sourceTree = "<group>"; };
		0B30CA482E7F419E0002D799 /* AccountSettingsScreenCoordinator.swift */ = {isa = PBXFileReference; lastKnownFileType = sourcecode.swift; path = AccountSettingsScreenCoordinator.swift; sourceTree = "<group>"; };
		0B6A39EA2E81BBC300977B1A /* WebSocketSessionManager.swift */ = {isa = PBXFileReference; lastKnownFileType = sourcecode.swift; path = WebSocketSessionManager.swift; sourceTree = "<group>"; };
		0B6A39ED2E832E5A00977B1A /* Shimmer.swift */ = {isa = PBXFileReference; lastKnownFileType = sourcecode.swift; path = Shimmer.swift; sourceTree = "<group>"; };
		0BAEDEFA2E7B175900EA6796 /* TumbleEndpoint.swift */ = {isa = PBXFileReference; lastKnownFileType = sourcecode.swift; path = TumbleEndpoint.swift; sourceTree = "<group>"; };
		0BAEDEFB2E7B175900EA6796 /* NetworkSettings.swift */ = {isa = PBXFileReference; lastKnownFileType = sourcecode.swift; path = NetworkSettings.swift; sourceTree = "<group>"; };
		0BAEDF012E7B176400EA6796 /* AuthenticationService.swift */ = {isa = PBXFileReference; lastKnownFileType = sourcecode.swift; path = AuthenticationService.swift; sourceTree = "<group>"; };
		0BAEDF022E7B176400EA6796 /* KeychainController.swift */ = {isa = PBXFileReference; lastKnownFileType = sourcecode.swift; path = KeychainController.swift; sourceTree = "<group>"; };
		0BAEDF072E7B177800EA6796 /* Config.swift */ = {isa = PBXFileReference; lastKnownFileType = sourcecode.swift; path = Config.swift; sourceTree = "<group>"; };
		0BAEDF082E7B177800EA6796 /* Default.xcconfig */ = {isa = PBXFileReference; lastKnownFileType = text.xcconfig; path = Default.xcconfig; sourceTree = "<group>"; };
		0BAEDF092E7B177800EA6796 /* Dev.xcconfig */ = {isa = PBXFileReference; lastKnownFileType = text.xcconfig; path = Dev.xcconfig; sourceTree = "<group>"; };
		0BAEDF0E2E7B17B900EA6796 /* Request.swift */ = {isa = PBXFileReference; lastKnownFileType = sourcecode.swift; path = Request.swift; sourceTree = "<group>"; };
		0BAEDF0F2E7B17B900EA6796 /* Response.swift */ = {isa = PBXFileReference; lastKnownFileType = sourcecode.swift; path = Response.swift; sourceTree = "<group>"; };
		0BAEDF132E7B17E200EA6796 /* TumbleUser.swift */ = {isa = PBXFileReference; lastKnownFileType = sourcecode.swift; path = TumbleUser.swift; sourceTree = "<group>"; };
		0BAEDF152E7B181C00EA6796 /* Method.swift */ = {isa = PBXFileReference; lastKnownFileType = sourcecode.swift; path = Method.swift; sourceTree = "<group>"; };
		0BAEDF172E7B189B00EA6796 /* UserPreference.swift */ = {isa = PBXFileReference; lastKnownFileType = sourcecode.swift; path = UserPreference.swift; sourceTree = "<group>"; };
		0BAEDF192E7B196100EA6796 /* School.swift */ = {isa = PBXFileReference; lastKnownFileType = sourcecode.swift; path = School.swift; sourceTree = "<group>"; };
		0BAEDF1C2E7B1B1C00EA6796 /* TumbleAPIService.swift */ = {isa = PBXFileReference; lastKnownFileType = sourcecode.swift; path = TumbleAPIService.swift; sourceTree = "<group>"; };
		0BAEDF1E2E7B1D4700EA6796 /* AppSettings.swift */ = {isa = PBXFileReference; lastKnownFileType = sourcecode.swift; path = AppSettings.swift; sourceTree = "<group>"; };
		0BAEDF232E7B232000EA6796 /* NetworkMonitor.swift */ = {isa = PBXFileReference; lastKnownFileType = sourcecode.swift; path = NetworkMonitor.swift; sourceTree = "<group>"; };
		0BAEDF262E7B237D00EA6796 /* NetworkMonitorProtocol.swift */ = {isa = PBXFileReference; lastKnownFileType = sourcecode.swift; path = NetworkMonitorProtocol.swift; sourceTree = "<group>"; };
		0BAEDF282E7B23AC00EA6796 /* CurrentValuePublisher.swift */ = {isa = PBXFileReference; lastKnownFileType = sourcecode.swift; path = CurrentValuePublisher.swift; sourceTree = "<group>"; };
		0BAEDF2D2E7B2C1A00EA6796 /* StateStoreViewModel.swift */ = {isa = PBXFileReference; lastKnownFileType = sourcecode.swift; path = StateStoreViewModel.swift; sourceTree = "<group>"; };
		0BAEDF2F2E7B2C4100EA6796 /* BindableState.swift */ = {isa = PBXFileReference; lastKnownFileType = sourcecode.swift; path = BindableState.swift; sourceTree = "<group>"; };
		0BAEDF322E7B3E0F00EA6796 /* ApplicationCoordinatorStateMachine.swift */ = {isa = PBXFileReference; lastKnownFileType = sourcecode.swift; path = ApplicationCoordinatorStateMachine.swift; sourceTree = "<group>"; };
		0BAEE1ED2E7B476F00EA6796 /* CoordinatorProtocol.swift */ = {isa = PBXFileReference; lastKnownFileType = sourcecode.swift; path = CoordinatorProtocol.swift; sourceTree = "<group>"; };
		0BAEE1EF2E7B47BB00EA6796 /* FlowCoordinatorProtocol.swift */ = {isa = PBXFileReference; lastKnownFileType = sourcecode.swift; path = FlowCoordinatorProtocol.swift; sourceTree = "<group>"; };
		0BAEE1F22E7B47EF00EA6796 /* AppRoute.swift */ = {isa = PBXFileReference; lastKnownFileType = sourcecode.swift; path = AppRoute.swift; sourceTree = "<group>"; };
		0BAEE1F52E7B491500EA6796 /* SceneDelegate.swift */ = {isa = PBXFileReference; lastKnownFileType = sourcecode.swift; path = SceneDelegate.swift; sourceTree = "<group>"; };
		0BAEE1F72E7B497A00EA6796 /* WindowManagerDelegate.swift */ = {isa = PBXFileReference; lastKnownFileType = sourcecode.swift; path = WindowManagerDelegate.swift; sourceTree = "<group>"; };
		0BAEE1F92E7B4A9F00EA6796 /* WindowManager.swift */ = {isa = PBXFileReference; lastKnownFileType = sourcecode.swift; path = WindowManager.swift; sourceTree = "<group>"; };
		0BAEE1FB2E7B4AFC00EA6796 /* CancellableTask.swift */ = {isa = PBXFileReference; lastKnownFileType = sourcecode.swift; path = CancellableTask.swift; sourceTree = "<group>"; };
		0BAEE1FD2E7B5B9900EA6796 /* NavigationRootCoordinator.swift */ = {isa = PBXFileReference; lastKnownFileType = sourcecode.swift; path = NavigationRootCoordinator.swift; sourceTree = "<group>"; };
		0BAEE1FF2E7B5BD900EA6796 /* NavigationModule.swift */ = {isa = PBXFileReference; lastKnownFileType = sourcecode.swift; path = NavigationModule.swift; sourceTree = "<group>"; };
		0BAEE2012E7B5C0700EA6796 /* NavigationStackCoordinator.swift */ = {isa = PBXFileReference; lastKnownFileType = sourcecode.swift; path = NavigationStackCoordinator.swift; sourceTree = "<group>"; };
		0BAEE2032E7B5CB100EA6796 /* ApplicationCoordinatorProtocol.swift */ = {isa = PBXFileReference; lastKnownFileType = sourcecode.swift; path = ApplicationCoordinatorProtocol.swift; sourceTree = "<group>"; };
		0BAEE2052E7B5D0C00EA6796 /* ApplicationCoordinator.swift */ = {isa = PBXFileReference; lastKnownFileType = sourcecode.swift; path = ApplicationCoordinator.swift; sourceTree = "<group>"; };
		0BAEE2082E7B5E7600EA6796 /* BookmarksFlowCoordinator.swift */ = {isa = PBXFileReference; lastKnownFileType = sourcecode.swift; path = BookmarksFlowCoordinator.swift; sourceTree = "<group>"; };
		0BAEE20C2E7B638C00EA6796 /* PlaceholderScreenCoordinator.swift */ = {isa = PBXFileReference; lastKnownFileType = sourcecode.swift; path = PlaceholderScreenCoordinator.swift; sourceTree = "<group>"; };
		0BAEE20E2E7B643F00EA6796 /* BookmarksFlowCoordinatorStateMachine.swift */ = {isa = PBXFileReference; lastKnownFileType = sourcecode.swift; path = BookmarksFlowCoordinatorStateMachine.swift; sourceTree = "<group>"; };
		0BAEE2112E7B66C100EA6796 /* OnboardingFlowCoordinator.swift */ = {isa = PBXFileReference; lastKnownFileType = sourcecode.swift; path = OnboardingFlowCoordinator.swift; sourceTree = "<group>"; };
		0BAEE2162E7B688D00EA6796 /* BookmarksScreenCoordinator.swift */ = {isa = PBXFileReference; lastKnownFileType = sourcecode.swift; path = BookmarksScreenCoordinator.swift; sourceTree = "<group>"; };
		0BAEE2222E7B6CAE00EA6796 /* BookmarksScreen.swift */ = {isa = PBXFileReference; lastKnownFileType = sourcecode.swift; path = BookmarksScreen.swift; sourceTree = "<group>"; };
		0BAEE2242E7B6CB600EA6796 /* BookmarksScreenViewModel.swift */ = {isa = PBXFileReference; lastKnownFileType = sourcecode.swift; path = BookmarksScreenViewModel.swift; sourceTree = "<group>"; };
		0BAEE2262E7B6CFA00EA6796 /* BookmarksScreenModels.swift */ = {isa = PBXFileReference; lastKnownFileType = sourcecode.swift; path = BookmarksScreenModels.swift; sourceTree = "<group>"; };
		0BAEE2282E7B6E1400EA6796 /* SplashScreenCoordinator.swift */ = {isa = PBXFileReference; lastKnownFileType = sourcecode.swift; path = SplashScreenCoordinator.swift; sourceTree = "<group>"; };
		0BAEE2312E7BF90700EA6796 /* NotificationManagerProtocol.swift */ = {isa = PBXFileReference; lastKnownFileType = sourcecode.swift; path = NotificationManagerProtocol.swift; sourceTree = "<group>"; };
		0BDE19662E7F771D004C6A51 /* UserAvatar.swift */ = {isa = PBXFileReference; lastKnownFileType = sourcecode.swift; path = UserAvatar.swift; sourceTree = "<group>"; };
		0BDE196A2E7F7AEE004C6A51 /* DesignTokens.swift */ = {isa = PBXFileReference; lastKnownFileType = sourcecode.swift; path = DesignTokens.swift; sourceTree = "<group>"; };
		0BDE19782E7F8630004C6A51 /* ServiceLocator.swift */ = {isa = PBXFileReference; lastKnownFileType = sourcecode.swift; path = ServiceLocator.swift; sourceTree = "<group>"; };
		0BDE197A2E80024B004C6A51 /* KeychainControllerProtocol.swift */ = {isa = PBXFileReference; lastKnownFileType = sourcecode.swift; path = KeychainControllerProtocol.swift; sourceTree = "<group>"; };
		0BDE197C2E8003F5004C6A51 /* AuthenticationServiceProtocol.swift */ = {isa = PBXFileReference; lastKnownFileType = sourcecode.swift; path = AuthenticationServiceProtocol.swift; sourceTree = "<group>"; };
		0BDE197E2E8004E1004C6A51 /* TumbleAPIServiceProtocol.swift */ = {isa = PBXFileReference; lastKnownFileType = sourcecode.swift; path = TumbleAPIServiceProtocol.swift; sourceTree = "<group>"; };
		0BDE19812E8005F0004C6A51 /* UserDataStorageServiceProtocol.swift */ = {isa = PBXFileReference; lastKnownFileType = sourcecode.swift; path = UserDataStorageServiceProtocol.swift; sourceTree = "<group>"; };
		0BDE19832E8006B6004C6A51 /* EventStorageServiceProtocol.swift */ = {isa = PBXFileReference; lastKnownFileType = sourcecode.swift; path = EventStorageServiceProtocol.swift; sourceTree = "<group>"; };
		1CB1962C2CA598A300B747BF /* ru */ = {isa = PBXFileReference; lastKnownFileType = text.plist.strings; name = ru; path = ru.lproj/Localizable.strings; sourceTree = "<group>"; };
		D42554332A2C9A4700256550 /* ar */ = {isa = PBXFileReference; lastKnownFileType = text.plist.strings; name = ar; path = ar.lproj/Localizable.strings; sourceTree = "<group>"; };
		D42BAC1D298D3D6A0025EAA9 /* AppLogger.swift */ = {isa = PBXFileReference; lastKnownFileType = sourcecode.swift; path = AppLogger.swift; sourceTree = "<group>"; };
		D433F0142CB5B10D0097F561 /* GoogleService-Info.plist */ = {isa = PBXFileReference; lastKnownFileType = text.plist.xml; path = "GoogleService-Info.plist"; sourceTree = "<group>"; };
		D4562E0A2A27E9020059ED36 /* PopupFactory.swift */ = {isa = PBXFileReference; lastKnownFileType = sourcecode.swift; path = PopupFactory.swift; sourceTree = "<group>"; };
		D4722145292454560063BDB7 /* Tumble.app */ = {isa = PBXFileReference; explicitFileType = wrapper.application; includeInIndex = 0; path = Tumble.app; sourceTree = BUILT_PRODUCTS_DIR; };
		D4722148292454560063BDB7 /* Application.swift */ = {isa = PBXFileReference; lastKnownFileType = sourcecode.swift; path = Application.swift; sourceTree = "<group>"; };
		D472214C292454570063BDB7 /* Assets.xcassets */ = {isa = PBXFileReference; lastKnownFileType = folder.assetcatalog; path = Assets.xcassets; sourceTree = "<group>"; };
		D473870229C895510035CD4C /* App.entitlements */ = {isa = PBXFileReference; lastKnownFileType = text.plist.entitlements; path = App.entitlements; sourceTree = "<group>"; };
		D478452129D64C3600BDF7A3 /* fr */ = {isa = PBXFileReference; lastKnownFileType = text.plist.strings; name = fr; path = fr.lproj/Localizable.strings; sourceTree = "<group>"; };
		D478452229D64CC300BDF7A3 /* de */ = {isa = PBXFileReference; lastKnownFileType = text.plist.strings; name = de; path = de.lproj/Localizable.strings; sourceTree = "<group>"; };
		D478452429D64D8800BDF7A3 /* it */ = {isa = PBXFileReference; lastKnownFileType = text.plist.strings; name = it; path = it.lproj/Localizable.strings; sourceTree = "<group>"; };
		D47A451C29D75D14008626E6 /* bs-BA */ = {isa = PBXFileReference; lastKnownFileType = text.plist.strings; name = "bs-BA"; path = "bs-BA.lproj/Localizable.strings"; sourceTree = "<group>"; };
		D4A433B729951F2B00BFEB7A /* AppDelegate.swift */ = {isa = PBXFileReference; lastKnownFileType = sourcecode.swift; path = AppDelegate.swift; sourceTree = "<group>"; };
		D4CD0F0629D5DC9D00AB5FD0 /* en */ = {isa = PBXFileReference; lastKnownFileType = text.plist.strings; name = en; path = en.lproj/Localizable.strings; sourceTree = "<group>"; wrapsLines = 1; };
		D4CD0F0829D5DCA300AB5FD0 /* sv */ = {isa = PBXFileReference; lastKnownFileType = text.plist.strings; name = sv; path = sv.lproj/Localizable.strings; sourceTree = "<group>"; };
		D4D4DD212927CFFA0083BB7F /* Info.plist */ = {isa = PBXFileReference; lastKnownFileType = text.plist.xml; path = Info.plist; sourceTree = "<group>"; };
		D4D778DD2B8CE6DC00D82C94 /* WidgetKit.framework */ = {isa = PBXFileReference; lastKnownFileType = wrapper.framework; name = WidgetKit.framework; path = System/Library/Frameworks/WidgetKit.framework; sourceTree = SDKROOT; };
		D4D778DF2B8CE6DD00D82C94 /* SwiftUI.framework */ = {isa = PBXFileReference; lastKnownFileType = wrapper.framework; name = SwiftUI.framework; path = System/Library/Frameworks/SwiftUI.framework; sourceTree = SDKROOT; };
		D4D779052B8CF9F900D82C94 /* Widget.entitlements */ = {isa = PBXFileReference; lastKnownFileType = text.plist.entitlements; path = Widget.entitlements; sourceTree = "<group>"; };
		D4D7B45A29F1505A0032AEEF /* README.md */ = {isa = PBXFileReference; fileEncoding = 4; lastKnownFileType = net.daringfireball.markdown; path = README.md; sourceTree = "<group>"; };
/* End PBXFileReference section */

/* Begin PBXFrameworksBuildPhase section */
		D4722142292454560063BDB7 /* Frameworks */ = {
			isa = PBXFrameworksBuildPhase;
			buildActionMask = 2147483647;
			files = (
				0B5DC8262E79C7CF001B668F /* FirebaseMessaging in Frameworks */,
				0B5DC81C2E79C7A0001B668F /* FirebaseAnalytics in Frameworks */,
				0BAEE2382E7BFD3500EA6796 /* KeychainAccess in Frameworks */,
				0BDE19762E7F82BB004C6A51 /* SwiftUIIntrospect in Frameworks */,
				0BAEDF372E7B3E5A00EA6796 /* SwiftState in Frameworks */,
				D4ACD86E2AD9436C00780998 /* MijickPopupView in Frameworks */,
				D430F74329C615DC00E30E48 /* FSCalendar in Frameworks */,
				0B5DC8242E79C7A0001B668F /* FirebaseInAppMessaging-Beta in Frameworks */,
				D42BAC1C298D3D590025EAA9 /* Logging in Frameworks */,
				0B5DC8222E79C7A0001B668F /* FirebaseCrashlytics in Frameworks */,
				0B5DC8202E79C7A0001B668F /* FirebaseCore in Frameworks */,
				0B5DC81E2E79C7A0001B668F /* FirebaseAnalyticsCore in Frameworks */,
			);
			runOnlyForDeploymentPostprocessing = 0;
		};
/* End PBXFrameworksBuildPhase section */

/* Begin PBXGroup section */
		0B19F69C2E7C14440037E29E /* AppHooks */ = {
			isa = PBXGroup;
			children = (
				0B19F69D2E7C144B0037E29E /* Hooks */,
				0B19F6A02E7C14730037E29E /* AppHooks.swift */,
			);
			path = AppHooks;
			sourceTree = "<group>";
		};
		0B19F69D2E7C144B0037E29E /* Hooks */ = {
			isa = PBXGroup;
			children = (
				0B19F69E2E7C144F0037E29E /* AppSettingsHookProtocol.swift */,
			);
			path = Hooks;
			sourceTree = "<group>";
		};
		0B19F6A42E7C1B750037E29E /* NotificationPermissionsScreen */ = {
			isa = PBXGroup;
			children = (
				0B19F6B02E7C1D440037E29E /* NotificationPermissionsScreen.swift */,
				0B19F6AE2E7C1D070037E29E /* NotificationPermissionsScreenViewModel.swift */,
				0B19F6AC2E7C1CE50037E29E /* NotificationPermissionsScreenModels.swift */,
				0B19F6AA2E7C1CDA0037E29E /* NotificationPermissionsScreenViewModelProtocol.swift */,
				0B19F6A82E7C1CC40037E29E /* NotificationPermissionsScreenCoordinator.swift */,
			);
			path = NotificationPermissionsScreen;
			sourceTree = "<group>";
		};
		0B19F6B22E7C1D7B0037E29E /* Layout */ = {
			isa = PBXGroup;
			children = (
				0B19F93C2E7C91D70037E29E /* Extension */,
				0B19F7F82E7C48080037E29E /* Styles */,
			);
			path = Layout;
			sourceTree = "<group>";
		};
		0B19F7E12E7C36650037E29E /* Search */ = {
			isa = PBXGroup;
			children = (
				0B19F9292E7C67F80037E29E /* QuickView */,
				0B19F7F22E7C479D0037E29E /* View */,
				0B19F7E82E7C3F4A0037E29E /* SearchScreen.swift */,
				0B19F7E62E7C3A820037E29E /* SearchScreenModels.swift */,
				0B19F7E42E7C3A450037E29E /* SearchScreenViewModel.swift */,
				0B19F7E22E7C38700037E29E /* SearchScreenCoordinator.swift */,
			);
			path = Search;
			sourceTree = "<group>";
		};
		0B19F7F22E7C479D0037E29E /* View */ = {
			isa = PBXGroup;
			children = (
				0B19F7F32E7C47A20037E29E /* SchoolPill.swift */,
			);
			path = View;
			sourceTree = "<group>";
		};
		0B19F7F52E7C47D30037E29E /* Extensions */ = {
			isa = PBXGroup;
			children = (
				0B19F7F62E7C47E20037E29E /* Color.swift */,
				0BDE196A2E7F7AEE004C6A51 /* DesignTokens.swift */,
				0B19F93F2E7C9A1A0037E29E /* Event.swift */,
			);
			path = Extensions;
			sourceTree = "<group>";
		};
		0B19F7F82E7C48080037E29E /* Styles */ = {
			isa = PBXGroup;
			children = (
				0B19F93A2E7C91A80037E29E /* SearchMenuActionStyle.swift */,
				0B19F7F92E7C480D0037E29E /* PillStyle.swift */,
			);
			path = Styles;
			sourceTree = "<group>";
		};
		0B19F9292E7C67F80037E29E /* QuickView */ = {
			isa = PBXGroup;
			children = (
				0B19F9302E7C6DA80037E29E /* QuickViewScreen.swift */,
				0B19F92E2E7C6AB00037E29E /* QuickViewScreenViewModel.swift */,
				0B19F92C2E7C69C20037E29E /* QuickViewScreenModels.swift */,
				0B19F92A2E7C680E0037E29E /* QuickViewScreenCoordinator.swift */,
			);
			path = QuickView;
			sourceTree = "<group>";
		};
		0B19F93C2E7C91D70037E29E /* Extension */ = {
			isa = PBXGroup;
			children = (
				0B19F93D2E7C91DC0037E29E /* ViewExtensions.swift */,
			);
			path = Extension;
			sourceTree = "<group>";
		};
		0B19F9452E7CB1530037E29E /* Details */ = {
			isa = PBXGroup;
			children = (
				0B19F94E2E7CB3AE0037E29E /* EventDetailsScreenViewModel.swift */,
				0B19F94A2E7CB32F0037E29E /* EventDetailsScreenCoordinator.swift */,
				0B19F9482E7CB3170037E29E /* EventDetailsScreenModels.swift */,
				0B19F9462E7CB15B0037E29E /* EventDetailsScreen.swift */,
			);
			path = Details;
			sourceTree = "<group>";
		};
		0B19F9542E7D77EB0037E29E /* Settings */ = {
			isa = PBXGroup;
			children = (
				0B30CA3F2E7F40F50002D799 /* Accounts */,
				0B30C8F42E7E2B980002D799 /* Bookmarks */,
				0B30C8E82E7E10D10002D799 /* Notifications */,
				0B19F95F2E7DA5920037E29E /* Advanced */,
				0B19F95D2E7D79980037E29E /* SettingsScreen.swift */,
				0B19F95B2E7D78900037E29E /* SettingsScreenModels.swift */,
				0B19F9592E7D78790037E29E /* SettingsScreenViewModelProtocol.swift */,
				0B19F9572E7D783A0037E29E /* SettingsScreenViewModel.swift */,
				0B19F9552E7D77F00037E29E /* SettingsScreenCoordinator.swift */,
			);
			path = Settings;
			sourceTree = "<group>";
		};
		0B19F95F2E7DA5920037E29E /* Advanced */ = {
			isa = PBXGroup;
			children = (
				0B30C8E32E7DAC4E0002D799 /* AdvancedSettingsScreen.swift */,
				0B19F9662E7DAB680037E29E /* AdvancedSettingsScreenModels.swift */,
				0B19F9642E7DA5CA0037E29E /* AdvancedSettingsScreenViewModel.swift */,
				0B19F9622E7DA5BC0037E29E /* AdvancedSettingsScreenViewModelProtocol.swift */,
				0B19F9602E7DA59C0037E29E /* AdvancedSettingsScreenCoordinator.swift */,
			);
			path = Advanced;
			sourceTree = "<group>";
		};
		0B30C8E52E7E04ED0002D799 /* Analytics */ = {
			isa = PBXGroup;
			children = (
				0B30C8E62E7E04F50002D799 /* AnalyticsService.swift */,
			);
			path = Analytics;
			sourceTree = "<group>";
		};
		0B30C8E82E7E10D10002D799 /* Notifications */ = {
			isa = PBXGroup;
			children = (
				0B30C8E92E7E10E20002D799 /* NotificationsSettingsScreen.swift */,
				0B30C8F12E7E112B0002D799 /* NotificationsSettingsScreenViewModelProtocol.swift */,
				0B30C8EF2E7E11000002D799 /* NotificationsSettingsScreenCoordinator.swift */,
				0B30C8ED2E7E10F70002D799 /* NotificationsSettingsScreenViewModel.swift */,
				0B30C8EB2E7E10F10002D799 /* NotificationsSettingsScreenModels.swift */,
			);
			path = Notifications;
			sourceTree = "<group>";
		};
		0B30C8F42E7E2B980002D799 /* Bookmarks */ = {
			isa = PBXGroup;
			children = (
				0B30C8F52E7E2B9E0002D799 /* BookmarksSettingsScreen.swift */,
				0B30C8F72E7E2BA80002D799 /* BookmarksSettingsScreenModels.swift */,
				0B30C8FB2E7E2BC00002D799 /* BookmarksSettingsScreenViewModel.swift */,
				0B30C8F92E7E2BB40002D799 /* BookmarksSettingsScreenViewModelProtocol.swift */,
				0B30C8FD2E7E2BC90002D799 /* BookmarksSettingsScreenCoordinator.swift */,
			);
			path = Bookmarks;
			sourceTree = "<group>";
		};
		0B30C9022E7EE6380002D799 /* Account */ = {
			isa = PBXGroup;
			children = (
				0B30C90B2E7EF0E70002D799 /* AccountScreen.swift */,
				0B30C9092E7EE9CA0002D799 /* AccountScreenViewModel.swift */,
				0B30C9072E7EE9AE0002D799 /* AccountScreenViewModelProtocol.swift */,
				0B30C9052E7EE6720002D799 /* AccountScreenModels.swift */,
				0B30C9032E7EE6400002D799 /* AccountScreenCoordinator.swift */,
			);
			path = Account;
			sourceTree = "<group>";
		};
		0B30CA3F2E7F40F50002D799 /* Accounts */ = {
			isa = PBXGroup;
			children = (
				0B30CA482E7F419E0002D799 /* AccountSettingsScreenCoordinator.swift */,
				0B30CA462E7F41930002D799 /* AccountSettingsScreenVIewModelProtocol.swift */,
				0B30CA442E7F418B0002D799 /* AccountSettingsScreenViewModel.swift */,
				0B30CA422E7F41820002D799 /* AccountSettingsScreenModels.swift */,
				0B30CA402E7F41020002D799 /* AccountSettingsScreen.swift */,
			);
			path = Accounts;
			sourceTree = "<group>";
		};
		0B6A39EC2E832E4F00977B1A /* Modifier */ = {
			isa = PBXGroup;
			children = (
				0B6A39ED2E832E5A00977B1A /* Shimmer.swift */,
			);
			path = Modifier;
			sourceTree = "<group>";
		};
		0BAEDEFD2E7B175900EA6796 /* Network */ = {
			isa = PBXGroup;
			children = (
				0BAEDEFA2E7B175900EA6796 /* TumbleEndpoint.swift */,
				0BAEDEFB2E7B175900EA6796 /* NetworkSettings.swift */,
			);
			path = Network;
			sourceTree = "<group>";
		};
		0BAEDF032E7B176400EA6796 /* Authentication */ = {
			isa = PBXGroup;
			children = (
				0B6A39EA2E81BBC300977B1A /* WebSocketSessionManager.swift */,
				0BDE197C2E8003F5004C6A51 /* AuthenticationServiceProtocol.swift */,
				0BDE197A2E80024B004C6A51 /* KeychainControllerProtocol.swift */,
				0BAEDF012E7B176400EA6796 /* AuthenticationService.swift */,
				0BAEDF022E7B176400EA6796 /* KeychainController.swift */,
			);
			path = Authentication;
			sourceTree = "<group>";
		};
		0BAEDF042E7B176400EA6796 /* Services */ = {
			isa = PBXGroup;
			children = (
				0B30C8E52E7E04ED0002D799 /* Analytics */,
				0BAEE22F2E7BF8FC00EA6796 /* Notification */,
				0BAEDF1B2E7B1B1600EA6796 /* Tumble */,
				0BAEDF032E7B176400EA6796 /* Authentication */,
			);
			path = Services;
			sourceTree = "<group>";
		};
		0BAEDF0A2E7B177800EA6796 /* Config */ = {
			isa = PBXGroup;
			children = (
				0BAEDF072E7B177800EA6796 /* Config.swift */,
				0BAEDF082E7B177800EA6796 /* Default.xcconfig */,
				0BAEDF092E7B177800EA6796 /* Dev.xcconfig */,
			);
			path = Config;
			sourceTree = "<group>";
		};
		0BAEDF102E7B17B900EA6796 /* Network */ = {
			isa = PBXGroup;
			children = (
				0BAEDF0E2E7B17B900EA6796 /* Request.swift */,
				0BAEDF0F2E7B17B900EA6796 /* Response.swift */,
				0BAEDF152E7B181C00EA6796 /* Method.swift */,
			);
			path = Network;
			sourceTree = "<group>";
		};
		0BAEDF1B2E7B1B1600EA6796 /* Tumble */ = {
			isa = PBXGroup;
			children = (
				0BDE19802E8005E4004C6A51 /* Store */,
				0BDE197E2E8004E1004C6A51 /* TumbleAPIServiceProtocol.swift */,
				0BAEDF1C2E7B1B1C00EA6796 /* TumbleAPIService.swift */,
			);
			path = Tumble;
			sourceTree = "<group>";
		};
		0BAEDF222E7B231B00EA6796 /* Other */ = {
			isa = PBXGroup;
			children = (
				0B19F7F52E7C47D30037E29E /* Extensions */,
				0BAEDF252E7B236B00EA6796 /* NetworkMonitor */,
				0BAEDF2A2E7B2C0600EA6796 /* View */,
				0BAEDEFD2E7B175900EA6796 /* Network */,
				0B19F9682E7DAB940037E29E /* AppAppearance.swift */,
				0B19F7FB2E7C4AD50037E29E /* Schools.swift */,
				0BAEE1FB2E7B4AFC00EA6796 /* CancellableTask.swift */,
				0BAEDF282E7B23AC00EA6796 /* CurrentValuePublisher.swift */,
				D4562E0A2A27E9020059ED36 /* PopupFactory.swift */,
			);
			path = Other;
			sourceTree = "<group>";
		};
		0BAEDF252E7B236B00EA6796 /* NetworkMonitor */ = {
			isa = PBXGroup;
			children = (
				0BAEDF262E7B237D00EA6796 /* NetworkMonitorProtocol.swift */,
				0BAEDF232E7B232000EA6796 /* NetworkMonitor.swift */,
			);
			path = NetworkMonitor;
			sourceTree = "<group>";
		};
		0BAEDF2A2E7B2C0600EA6796 /* View */ = {
			isa = PBXGroup;
			children = (
				0B6A39EC2E832E4F00977B1A /* Modifier */,
				0B19F6B22E7C1D7B0037E29E /* Layout */,
				0BAEDF2C2E7B2C1300EA6796 /* ViewModel */,
			);
			path = View;
			sourceTree = "<group>";
		};
		0BAEDF2C2E7B2C1300EA6796 /* ViewModel */ = {
			isa = PBXGroup;
			children = (
				0BAEDF2D2E7B2C1A00EA6796 /* StateStoreViewModel.swift */,
				0BAEDF2F2E7B2C4100EA6796 /* BindableState.swift */,
			);
			path = ViewModel;
			sourceTree = "<group>";
		};
		0BAEDF312E7B3DFA00EA6796 /* Application */ = {
			isa = PBXGroup;
			children = (
				0BAEDF0A2E7B177800EA6796 /* Config */,
				0BAEE2332E7BF9DB00EA6796 /* Settings */,
				0BAEE1F42E7B48F200EA6796 /* Windowing */,
				0BAEE1F12E7B47EA00EA6796 /* Navigation */,
				0BDE19782E7F8630004C6A51 /* ServiceLocator.swift */,
				0B19F7EC2E7C42970037E29E /* AppMediator.swift */,
				0B19F7EA2E7C422E0037E29E /* AppMediatorProtocol.swift */,
				0BAEE1EF2E7B47BB00EA6796 /* FlowCoordinatorProtocol.swift */,
				0BAEDF322E7B3E0F00EA6796 /* ApplicationCoordinatorStateMachine.swift */,
				0BAEE2052E7B5D0C00EA6796 /* ApplicationCoordinator.swift */,
				0BAEE2032E7B5CB100EA6796 /* ApplicationCoordinatorProtocol.swift */,
				0BAEE1ED2E7B476F00EA6796 /* CoordinatorProtocol.swift */,
				D42BAC1D298D3D6A0025EAA9 /* AppLogger.swift */,
			);
			path = Application;
			sourceTree = "<group>";
		};
		0BAEE1DD2E7B434000EA6796 /* Screens */ = {
			isa = PBXGroup;
			children = (
				0BAEE20B2E7B638700EA6796 /* Other */,
				0B30C9022E7EE6380002D799 /* Account */,
				0B19F9542E7D77EB0037E29E /* Settings */,
				0B19F7E12E7C36650037E29E /* Search */,
				0BAEE20A2E7B638200EA6796 /* Bookmarks */,
				0BAEE1DE2E7B434700EA6796 /* Onboarding */,
			);
			path = Screens;
			sourceTree = "<group>";
		};
		0BAEE1DE2E7B434700EA6796 /* Onboarding */ = {
			isa = PBXGroup;
			children = (
				0B19F6A42E7C1B750037E29E /* NotificationPermissionsScreen */,
			);
			path = Onboarding;
			sourceTree = "<group>";
		};
		0BAEE1F12E7B47EA00EA6796 /* Navigation */ = {
			isa = PBXGroup;
			children = (
				0BAEE2012E7B5C0700EA6796 /* NavigationStackCoordinator.swift */,
				0BAEE1FF2E7B5BD900EA6796 /* NavigationModule.swift */,
				0BAEE1FD2E7B5B9900EA6796 /* NavigationRootCoordinator.swift */,
				0BAEE1F22E7B47EF00EA6796 /* AppRoute.swift */,
			);
			path = Navigation;
			sourceTree = "<group>";
		};
		0BAEE1F42E7B48F200EA6796 /* Windowing */ = {
			isa = PBXGroup;
			children = (
				0BAEE1F92E7B4A9F00EA6796 /* WindowManager.swift */,
				0BAEE1F72E7B497A00EA6796 /* WindowManagerDelegate.swift */,
				0BAEE1F52E7B491500EA6796 /* SceneDelegate.swift */,
			);
			path = Windowing;
			sourceTree = "<group>";
		};
		0BAEE20A2E7B638200EA6796 /* Bookmarks */ = {
			isa = PBXGroup;
			children = (
				0B19F9452E7CB1530037E29E /* Details */,
				0BAEE21E2E7B6C8600EA6796 /* ViewTypes */,
				0BAEE2242E7B6CB600EA6796 /* BookmarksScreenViewModel.swift */,
				0BAEE2262E7B6CFA00EA6796 /* BookmarksScreenModels.swift */,
				0BAEE2222E7B6CAE00EA6796 /* BookmarksScreen.swift */,
				0BAEE2162E7B688D00EA6796 /* BookmarksScreenCoordinator.swift */,
			);
			path = Bookmarks;
			sourceTree = "<group>";
		};
		0BAEE20B2E7B638700EA6796 /* Other */ = {
			isa = PBXGroup;
			children = (
				0BDE19662E7F771D004C6A51 /* UserAvatar.swift */,
				0B19F9412E7CAAE90037E29E /* InfoView.swift */,
				0B19F9382E7C916E0037E29E /* SearchField.swift */,
				0B19F9362E7C8B4B0037E29E /* DateSectionHeader.swift */,
				0B19F9322E7C785C0037E29E /* EventCard.swift */,
				0B19F7F02E7C477A0037E29E /* FlowStack.swift */,
				0B19F6A22E7C16A60037E29E /* Popup.swift */,
				0BAEE2282E7B6E1400EA6796 /* SplashScreenCoordinator.swift */,
				0BAEE20C2E7B638C00EA6796 /* PlaceholderScreenCoordinator.swift */,
			);
			path = Other;
			sourceTree = "<group>";
		};
		0BAEE21E2E7B6C8600EA6796 /* ViewTypes */ = {
			isa = PBXGroup;
			children = (
				0BAEE2212E7B6CA200EA6796 /* Calendar */,
				0BAEE2202E7B6C9D00EA6796 /* List */,
				0BAEE21F2E7B6C9800EA6796 /* Week */,
			);
			path = ViewTypes;
			sourceTree = "<group>";
		};
		0BAEE21F2E7B6C9800EA6796 /* Week */ = {
			isa = PBXGroup;
			children = (
			);
			path = Week;
			sourceTree = "<group>";
		};
		0BAEE2202E7B6C9D00EA6796 /* List */ = {
			isa = PBXGroup;
			children = (
			);
			path = List;
			sourceTree = "<group>";
		};
		0BAEE2212E7B6CA200EA6796 /* Calendar */ = {
			isa = PBXGroup;
			children = (
			);
			path = Calendar;
			sourceTree = "<group>";
		};
		0BAEE22B2E7BEF1B00EA6796 /* FlowCoordinators */ = {
			isa = PBXGroup;
			children = (
				0B30C9002E7ED6450002D799 /* SearchFlowCoordinator.swift */,
				0B19F9522E7D76300037E29E /* AccountFlowCoordinator.swift */,
				0B19F9502E7D76080037E29E /* SettingsFlowCoordinator.swift */,
				0BAEE2112E7B66C100EA6796 /* OnboardingFlowCoordinator.swift */,
				0BAEE2082E7B5E7600EA6796 /* BookmarksFlowCoordinator.swift */,
				0BAEE20E2E7B643F00EA6796 /* BookmarksFlowCoordinatorStateMachine.swift */,
			);
			path = FlowCoordinators;
			sourceTree = "<group>";
		};
		0BAEE22F2E7BF8FC00EA6796 /* Notification */ = {
			isa = PBXGroup;
			children = (
				0B19F69A2E7C10C60037E29E /* NotificationConstants.swift */,
				0BAEE2302E7BF90200EA6796 /* Manager */,
			);
			path = Notification;
			sourceTree = "<group>";
		};
		0BAEE2302E7BF90200EA6796 /* Manager */ = {
			isa = PBXGroup;
			children = (
				0B19F6982E7C109B0037E29E /* NotificationManager.swift */,
				0B19F6962E7C106E0037E29E /* UserNotificationCenterProtocol.swift */,
				0BAEE2312E7BF90700EA6796 /* NotificationManagerProtocol.swift */,
			);
			path = Manager;
			sourceTree = "<group>";
		};
		0BAEE2332E7BF9DB00EA6796 /* Settings */ = {
			isa = PBXGroup;
			children = (
				0BAEDF1E2E7B1D4700EA6796 /* AppSettings.swift */,
				0BAEDF172E7B189B00EA6796 /* UserPreference.swift */,
			);
			path = Settings;
			sourceTree = "<group>";
		};
		0BDE19682E7F7A98004C6A51 /* Models */ = {
			isa = PBXGroup;
			children = (
				0BAEDF102E7B17B900EA6796 /* Network */,
				0BAEDF192E7B196100EA6796 /* School.swift */,
				0BAEDF132E7B17E200EA6796 /* TumbleUser.swift */,
			);
			path = Models;
			sourceTree = "<group>";
		};
		0BDE196C2E7F7FC1004C6A51 /* Widget */ = {
			isa = PBXGroup;
			children = (
				0BDE198A2E816446004C6A51 /* Sources */,
				D4D779052B8CF9F900D82C94 /* Widget.entitlements */,
			);
			path = Widget;
			sourceTree = "<group>";
		};
		0BDE19772E7F858F004C6A51 /* Tumble */ = {
			isa = PBXGroup;
			children = (
				D47221582924548A0063BDB7 /* Sources */,
			);
			path = Tumble;
			sourceTree = "<group>";
		};
		0BDE19802E8005E4004C6A51 /* Store */ = {
			isa = PBXGroup;
			children = (
				0BDE19832E8006B6004C6A51 /* EventStorageServiceProtocol.swift */,
				0BDE19812E8005F0004C6A51 /* UserDataStorageServiceProtocol.swift */,
				0B30CA3B2E7F29630002D799 /* UserDataStorageService.swift */,
				0B19F7EE2E7C44B90037E29E /* EventStorageService.swift */,
			);
			path = Store;
			sourceTree = "<group>";
		};
		0BDE198A2E816446004C6A51 /* Sources */ = {
			isa = PBXGroup;
			children = (
			);
			path = Sources;
			sourceTree = "<group>";
		};
		D472213C292454560063BDB7 = {
			isa = PBXGroup;
			children = (
				0BDE19772E7F858F004C6A51 /* Tumble */,
				0BDE196C2E7F7FC1004C6A51 /* Widget */,
				D433F0142CB5B10D0097F561 /* GoogleService-Info.plist */,
				D4D7B45A29F1505A0032AEEF /* README.md */,
				D47A451129D74C68008626E6 /* Assets */,
				D4D778DC2B8CE6DC00D82C94 /* Frameworks */,
				D4722146292454560063BDB7 /* Products */,
			);
			sourceTree = "<group>";
		};
		D4722146292454560063BDB7 /* Products */ = {
			isa = PBXGroup;
			children = (
				D4722145292454560063BDB7 /* Tumble.app */,
			);
			name = Products;
			sourceTree = "<group>";
		};
		D47221582924548A0063BDB7 /* Sources */ = {
			isa = PBXGroup;
			children = (
				0BAEDF312E7B3DFA00EA6796 /* Application */,
				0B19F69C2E7C14440037E29E /* AppHooks */,
				0BAEDF042E7B176400EA6796 /* Services */,
				0BDE19682E7F7A98004C6A51 /* Models */,
				0BAEE22B2E7BEF1B00EA6796 /* FlowCoordinators */,
				0BAEE1DD2E7B434000EA6796 /* Screens */,
				0BAEDF222E7B231B00EA6796 /* Other */,
				D4A433B729951F2B00BFEB7A /* AppDelegate.swift */,
				D4722148292454560063BDB7 /* Application.swift */,
				D473870229C895510035CD4C /* App.entitlements */,
				D4D4DD212927CFFA0083BB7F /* Info.plist */,
			);
			path = Sources;
			sourceTree = "<group>";
		};
		D47A451129D74C68008626E6 /* Assets */ = {
			isa = PBXGroup;
			children = (
				D472214C292454570063BDB7 /* Assets.xcassets */,
				D4CD0F0729D5DC9D00AB5FD0 /* Localizable.strings */,
			);
			path = Assets;
			sourceTree = "<group>";
		};
		D4D778DC2B8CE6DC00D82C94 /* Frameworks */ = {
			isa = PBXGroup;
			children = (
				D4D778DD2B8CE6DC00D82C94 /* WidgetKit.framework */,
				D4D778DF2B8CE6DD00D82C94 /* SwiftUI.framework */,
			);
			name = Frameworks;
			sourceTree = "<group>";
		};
/* End PBXGroup section */

/* Begin PBXNativeTarget section */
		D4722144292454560063BDB7 /* Tumble iOS */ = {
			isa = PBXNativeTarget;
			buildConfigurationList = D4722153292454570063BDB7 /* Build configuration list for PBXNativeTarget "Tumble iOS" */;
			buildPhases = (
				D4722141292454560063BDB7 /* Sources */,
				D4722142292454560063BDB7 /* Frameworks */,
				D4722143292454560063BDB7 /* Resources */,
				D4D778EC2B8CE6DE00D82C94 /* Embed Foundation Extensions */,
				D4D5F1212C860D1200301A90 /* Embed Frameworks */,
			);
			buildRules = (
			);
			dependencies = (
			);
			name = "Tumble iOS";
			packageProductDependencies = (
				D42BAC1B298D3D590025EAA9 /* Logging */,
				D430F74229C615DC00E30E48 /* FSCalendar */,
				D4ACD86D2AD9436C00780998 /* MijickPopupView */,
				0B5DC81B2E79C7A0001B668F /* FirebaseAnalytics */,
				0B5DC81D2E79C7A0001B668F /* FirebaseAnalyticsCore */,
				0B5DC81F2E79C7A0001B668F /* FirebaseCore */,
				0B5DC8212E79C7A0001B668F /* FirebaseCrashlytics */,
				0B5DC8232E79C7A0001B668F /* FirebaseInAppMessaging-Beta */,
				0B5DC8252E79C7CF001B668F /* FirebaseMessaging */,
				0BAEDF362E7B3E5A00EA6796 /* SwiftState */,
				0BAEE2372E7BFD3500EA6796 /* KeychainAccess */,
				0BDE19752E7F82BB004C6A51 /* SwiftUIIntrospect */,
			);
			productName = "tumble-ios";
			productReference = D4722145292454560063BDB7 /* Tumble.app */;
			productType = "com.apple.product-type.application";
		};
/* End PBXNativeTarget section */

/* Begin PBXProject section */
		D472213D292454560063BDB7 /* Project object */ = {
			isa = PBXProject;
			attributes = {
				BuildIndependentTargetsInParallel = 1;
				LastSwiftUpdateCheck = 1520;
				LastUpgradeCheck = 1620;
				TargetAttributes = {
					D4722144292454560063BDB7 = {
						CreatedOnToolsVersion = 14.1;
					};
				};
			};
			buildConfigurationList = D4722140292454560063BDB7 /* Build configuration list for PBXProject "Tumble" */;
			compatibilityVersion = "Xcode 14.0";
			developmentRegion = en;
			hasScannedForEncodings = 0;
			knownRegions = (
				en,
				sv,
				Base,
				fr,
				de,
				it,
				"bs-BA",
				ar,
				ru,
			);
			mainGroup = D472213C292454560063BDB7;
			packageReferences = (
				D42BAC1A298D3D590025EAA9 /* XCRemoteSwiftPackageReference "swift-log" */,
				D430F74129C615DC00E30E48 /* XCRemoteSwiftPackageReference "FSCalendar" */,
				D4ACD86C2AD9436C00780998 /* XCRemoteSwiftPackageReference "PopupView" */,
				0B5DC81A2E79C7A0001B668F /* XCRemoteSwiftPackageReference "firebase-ios-sdk" */,
				0BAEDF352E7B3E5A00EA6796 /* XCRemoteSwiftPackageReference "SwiftState" */,
				0BAEE2362E7BFD3500EA6796 /* XCRemoteSwiftPackageReference "KeychainAccess" */,
				0BDE19742E7F82BB004C6A51 /* XCRemoteSwiftPackageReference "SwiftUI-Introspect" */,
			);
			productRefGroup = D4722146292454560063BDB7 /* Products */;
			projectDirPath = "";
			projectRoot = "";
			targets = (
				D4722144292454560063BDB7 /* Tumble iOS */,
			);
		};
/* End PBXProject section */

/* Begin PBXResourcesBuildPhase section */
		D4722143292454560063BDB7 /* Resources */ = {
			isa = PBXResourcesBuildPhase;
			buildActionMask = 2147483647;
			files = (
				D4D7B45B29F1505A0032AEEF /* README.md in Resources */,
				D433F0152CB5B10D0097F561 /* GoogleService-Info.plist in Resources */,
				D4CD0F0529D5DC9D00AB5FD0 /* Localizable.strings in Resources */,
				0BAEDF0C2E7B177800EA6796 /* Dev.xcconfig in Resources */,
				0BAEDF0D2E7B177800EA6796 /* Default.xcconfig in Resources */,
				D472214D292454570063BDB7 /* Assets.xcassets in Resources */,
			);
			runOnlyForDeploymentPostprocessing = 0;
		};
/* End PBXResourcesBuildPhase section */

/* Begin PBXSourcesBuildPhase section */
		D4722141292454560063BDB7 /* Sources */ = {
			isa = PBXSourcesBuildPhase;
			buildActionMask = 2147483647;
			files = (
				0B19F69F2E7C144F0037E29E /* AppSettingsHookProtocol.swift in Sources */,
				0B30C9082E7EE9B20002D799 /* AccountScreenViewModelProtocol.swift in Sources */,
				0B30C9062E7EE6760002D799 /* AccountScreenModels.swift in Sources */,
				0BAEE2252E7B6CBA00EA6796 /* BookmarksScreenViewModel.swift in Sources */,
				0B6A39EE2E832E5B00977B1A /* Shimmer.swift in Sources */,
				0B19F6A12E7C14770037E29E /* AppHooks.swift in Sources */,
				0B19F6AD2E7C1CE50037E29E /* NotificationPermissionsScreenModels.swift in Sources */,
				0B19F7F12E7C477A0037E29E /* FlowStack.swift in Sources */,
				0BAEDF112E7B17B900EA6796 /* Request.swift in Sources */,
				0B19F9392E7C916E0037E29E /* SearchField.swift in Sources */,
				0B19F9472E7CB1AB0037E29E /* EventDetailsScreen.swift in Sources */,
				0B30C9012E7ED6480002D799 /* SearchFlowCoordinator.swift in Sources */,
				0BAEDF122E7B17B900EA6796 /* Response.swift in Sources */,
				0B19F9372E7C8B4B0037E29E /* DateSectionHeader.swift in Sources */,
				0BAEDF1D2E7B1B1E00EA6796 /* TumbleAPIService.swift in Sources */,
				0B30CA452E7F41900002D799 /* AccountSettingsScreenViewModel.swift in Sources */,
				0B19F9312E7C6DAA0037E29E /* QuickViewScreen.swift in Sources */,
				0B30C8F82E7E2BAF0002D799 /* BookmarksSettingsScreenModels.swift in Sources */,
				0BAEDF2E2E7B2C1F00EA6796 /* StateStoreViewModel.swift in Sources */,
				0BDE196B2E7F7AEE004C6A51 /* DesignTokens.swift in Sources */,
				0BAEE2002E7B5BDB00EA6796 /* NavigationModule.swift in Sources */,
				0B30C8F22E7E11330002D799 /* NotificationsSettingsScreenViewModelProtocol.swift in Sources */,
				0B19F7F72E7C47E40037E29E /* Color.swift in Sources */,
				0B19F92B2E7C68140037E29E /* QuickViewScreenCoordinator.swift in Sources */,
				D4722149292454560063BDB7 /* Application.swift in Sources */,
				0B19F93B2E7C91A80037E29E /* SearchMenuActionStyle.swift in Sources */,
				0B19F9422E7CAAE90037E29E /* InfoView.swift in Sources */,
				0BAEE20F2E7B644400EA6796 /* BookmarksFlowCoordinatorStateMachine.swift in Sources */,
				0B19F7EF2E7C44B90037E29E /* EventStorageService.swift in Sources */,
				0B19F7E52E7C3A490037E29E /* SearchScreenViewModel.swift in Sources */,
				0B19F69B2E7C10C60037E29E /* NotificationConstants.swift in Sources */,
				0B30CA472E7F419B0002D799 /* AccountSettingsScreenVIewModelProtocol.swift in Sources */,
				0B19F7FA2E7C480D0037E29E /* PillStyle.swift in Sources */,
				0B19F93E2E7C91E20037E29E /* ViewExtensions.swift in Sources */,
				0B19F9632E7DA5BC0037E29E /* AdvancedSettingsScreenViewModelProtocol.swift in Sources */,
				D42BAC1E298D3D6A0025EAA9 /* AppLogger.swift in Sources */,
				0BAEE20D2E7B639100EA6796 /* PlaceholderScreenCoordinator.swift in Sources */,
				0B19F7FC2E7C4AD70037E29E /* Schools.swift in Sources */,
				0B30C8EC2E7E10F40002D799 /* NotificationsSettingsScreenModels.swift in Sources */,
				0B19F95E2E7D799A0037E29E /* SettingsScreen.swift in Sources */,
				0B30C8E42E7DAC4E0002D799 /* AdvancedSettingsScreen.swift in Sources */,
				0BAEDF272E7B238000EA6796 /* NetworkMonitorProtocol.swift in Sources */,
				0B30C90C2E7EF0EA0002D799 /* AccountScreen.swift in Sources */,
				0B19F9672E7DAB680037E29E /* AdvancedSettingsScreenModels.swift in Sources */,
				0B19F9562E7D77F00037E29E /* SettingsScreenCoordinator.swift in Sources */,
				0B30C8E72E7E04F50002D799 /* AnalyticsService.swift in Sources */,
				0BAEE1F62E7B491700EA6796 /* SceneDelegate.swift in Sources */,
				0BAEDF0B2E7B177800EA6796 /* Config.swift in Sources */,
				0BAEDF292E7B23B200EA6796 /* CurrentValuePublisher.swift in Sources */,
				0BAEDF052E7B176400EA6796 /* KeychainController.swift in Sources */,
				0BAEDF062E7B176400EA6796 /* AuthenticationService.swift in Sources */,
				0B30C8FC2E7E2BC30002D799 /* BookmarksSettingsScreenViewModel.swift in Sources */,
				0BAEE2042E7B5CB400EA6796 /* ApplicationCoordinatorProtocol.swift in Sources */,
				0B19F9692E7DAB940037E29E /* AppAppearance.swift in Sources */,
				0BAEDF302E7B2C4400EA6796 /* BindableState.swift in Sources */,
				0B30C8EA2E7E10E70002D799 /* NotificationsSettingsScreen.swift in Sources */,
				0B30C8F62E7E2BA20002D799 /* BookmarksSettingsScreen.swift in Sources */,
				0B19F6AF2E7C1D070037E29E /* NotificationPermissionsScreenViewModel.swift in Sources */,
				0BAEE2092E7B5E7900EA6796 /* BookmarksFlowCoordinator.swift in Sources */,
				D4A433B829951F2B00BFEB7A /* AppDelegate.swift in Sources */,
				0B30C8FA2E7E2BBC0002D799 /* BookmarksSettingsScreenViewModelProtocol.swift in Sources */,
				0B19F6A92E7C1CC40037E29E /* NotificationPermissionsScreenCoordinator.swift in Sources */,
				0B19F92F2E7C6AB10037E29E /* QuickViewScreenViewModel.swift in Sources */,
				0B30CA412E7F41640002D799 /* AccountSettingsScreen.swift in Sources */,
				0BAEE2322E7BF90700EA6796 /* NotificationManagerProtocol.swift in Sources */,
				0B19F7EB2E7C422E0037E29E /* AppMediatorProtocol.swift in Sources */,
				0B19F6992E7C109B0037E29E /* NotificationManager.swift in Sources */,
				0BAEDF1A2E7B196100EA6796 /* School.swift in Sources */,
				0B19F6972E7C106E0037E29E /* UserNotificationCenterProtocol.swift in Sources */,
				0B19F6A32E7C16A60037E29E /* Popup.swift in Sources */,
				0BDE197D2E8003FA004C6A51 /* AuthenticationServiceProtocol.swift in Sources */,
				0BDE19822E8005F1004C6A51 /* UserDataStorageServiceProtocol.swift in Sources */,
				0B19F7E32E7C38700037E29E /* SearchScreenCoordinator.swift in Sources */,
				0BAEE2122E7B66C600EA6796 /* OnboardingFlowCoordinator.swift in Sources */,
				0B19F95C2E7D78900037E29E /* SettingsScreenModels.swift in Sources */,
				0B30CA3C2E7F29630002D799 /* UserDataStorageService.swift in Sources */,
				0BAEE1EE2E7B476F00EA6796 /* CoordinatorProtocol.swift in Sources */,
				0BAEE1F82E7B497F00EA6796 /* WindowManagerDelegate.swift in Sources */,
				0B19F94F2E7CB3B20037E29E /* EventDetailsScreenViewModel.swift in Sources */,
				0BAEE2292E7B6E1800EA6796 /* SplashScreenCoordinator.swift in Sources */,
				0B19F7F42E7C47A20037E29E /* SchoolPill.swift in Sources */,
				0B19F95A2E7D78790037E29E /* SettingsScreenViewModelProtocol.swift in Sources */,
				0B30CA492E7F41A30002D799 /* AccountSettingsScreenCoordinator.swift in Sources */,
				0BAEE1FA2E7B4A9F00EA6796 /* WindowManager.swift in Sources */,
				D4562E0B2A27E9020059ED36 /* PopupFactory.swift in Sources */,
				0B19F9582E7D783A0037E29E /* SettingsScreenViewModel.swift in Sources */,
				0BAEDF162E7B181C00EA6796 /* Method.swift in Sources */,
				0BAEDF332E7B3E0F00EA6796 /* ApplicationCoordinatorStateMachine.swift in Sources */,
				0B19F7E92E7C3F4C0037E29E /* SearchScreen.swift in Sources */,
				0B19F94B2E7CB3340037E29E /* EventDetailsScreenCoordinator.swift in Sources */,
				0B6A39EB2E81BBC300977B1A /* WebSocketSessionManager.swift in Sources */,
				0BDE197B2E800250004C6A51 /* KeychainControllerProtocol.swift in Sources */,
				0BAEE1F02E7B47BF00EA6796 /* FlowCoordinatorProtocol.swift in Sources */,
				0BDE19792E7F8630004C6A51 /* ServiceLocator.swift in Sources */,
				0BAEDF242E7B232500EA6796 /* NetworkMonitor.swift in Sources */,
				0B19F9612E7DA59C0037E29E /* AdvancedSettingsScreenCoordinator.swift in Sources */,
				0B19F7ED2E7C42970037E29E /* AppMediator.swift in Sources */,
				0BAEE2232E7B6CB100EA6796 /* BookmarksScreen.swift in Sources */,
				0BAEDEFF2E7B175900EA6796 /* NetworkSettings.swift in Sources */,
				0BDE197F2E8004E8004C6A51 /* TumbleAPIServiceProtocol.swift in Sources */,
				0B19F6AB2E7C1CDA0037E29E /* NotificationPermissionsScreenViewModelProtocol.swift in Sources */,
				0BAEDF002E7B175900EA6796 /* TumbleEndpoint.swift in Sources */,
				0BAEDF182E7B189E00EA6796 /* UserPreference.swift in Sources */,
				0B19F9402E7C9A1B0037E29E /* Event.swift in Sources */,
				0B19F7E72E7C3A840037E29E /* SearchScreenModels.swift in Sources */,
				0BAEE1FE2E7B5B9B00EA6796 /* NavigationRootCoordinator.swift in Sources */,
				0BAEE2022E7B5C0A00EA6796 /* NavigationStackCoordinator.swift in Sources */,
				0BAEE1FC2E7B4AFF00EA6796 /* CancellableTask.swift in Sources */,
				0BAEDF1F2E7B1D4900EA6796 /* AppSettings.swift in Sources */,
				0B30CA432E7F41890002D799 /* AccountSettingsScreenModels.swift in Sources */,
				0B30C8FE2E7E2BCB0002D799 /* BookmarksSettingsScreenCoordinator.swift in Sources */,
				0B30C90A2E7EE9CD0002D799 /* AccountScreenViewModel.swift in Sources */,
				0B19F9532E7D76330037E29E /* AccountFlowCoordinator.swift in Sources */,
				0B30C8EE2E7E10FB0002D799 /* NotificationsSettingsScreenViewModel.swift in Sources */,
				0B30C8F02E7E11020002D799 /* NotificationsSettingsScreenCoordinator.swift in Sources */,
				0BAEE2062E7B5D0C00EA6796 /* ApplicationCoordinator.swift in Sources */,
				0B19F6B12E7C1D440037E29E /* NotificationPermissionsScreen.swift in Sources */,
				0B19F9652E7DA5CA0037E29E /* AdvancedSettingsScreenViewModel.swift in Sources */,
				0BAEE1F32E7B47F300EA6796 /* AppRoute.swift in Sources */,
				0BDE19842E8006B7004C6A51 /* EventStorageServiceProtocol.swift in Sources */,
				0B19F9512E7D76130037E29E /* SettingsFlowCoordinator.swift in Sources */,
				0B30C9042E7EE6430002D799 /* AccountScreenCoordinator.swift in Sources */,
				0BDE19672E7F771D004C6A51 /* UserAvatar.swift in Sources */,
				0BAEE2172E7B689D00EA6796 /* BookmarksScreenCoordinator.swift in Sources */,
				0B19F9492E7CB3210037E29E /* EventDetailsScreenModels.swift in Sources */,
				0B19F9332E7C785D0037E29E /* EventCard.swift in Sources */,
				0BAEDF142E7B17E200EA6796 /* TumbleUser.swift in Sources */,
				0B19F92D2E7C69C50037E29E /* QuickViewScreenModels.swift in Sources */,
				0BAEE2272E7B6CFF00EA6796 /* BookmarksScreenModels.swift in Sources */,
			);
			runOnlyForDeploymentPostprocessing = 0;
		};
/* End PBXSourcesBuildPhase section */

/* Begin PBXVariantGroup section */
		D4CD0F0729D5DC9D00AB5FD0 /* Localizable.strings */ = {
			isa = PBXVariantGroup;
			children = (
				D4CD0F0629D5DC9D00AB5FD0 /* en */,
				D4CD0F0829D5DCA300AB5FD0 /* sv */,
				D478452129D64C3600BDF7A3 /* fr */,
				D478452229D64CC300BDF7A3 /* de */,
				D478452429D64D8800BDF7A3 /* it */,
				D47A451C29D75D14008626E6 /* bs-BA */,
				D42554332A2C9A4700256550 /* ar */,
				1CB1962C2CA598A300B747BF /* ru */,
			);
			name = Localizable.strings;
			sourceTree = "<group>";
		};
/* End PBXVariantGroup section */

/* Begin XCBuildConfiguration section */
		0BAEDEF32E7B166C00EA6796 /* dev */ = {
			isa = XCBuildConfiguration;
			baseConfigurationReference = 0BAEDF082E7B177800EA6796 /* Default.xcconfig */;
			buildSettings = {
				ALWAYS_SEARCH_USER_PATHS = NO;
				CLANG_ANALYZER_LOCALIZABILITY_NONLOCALIZED = YES;
				CLANG_ANALYZER_NONNULL = YES;
				CLANG_ANALYZER_NUMBER_OBJECT_CONVERSION = YES_AGGRESSIVE;
				CLANG_CXX_LANGUAGE_STANDARD = "gnu++20";
				CLANG_ENABLE_MODULES = YES;
				CLANG_ENABLE_OBJC_ARC = YES;
				CLANG_ENABLE_OBJC_WEAK = YES;
				CLANG_WARN_BLOCK_CAPTURE_AUTORELEASING = YES;
				CLANG_WARN_BOOL_CONVERSION = YES;
				CLANG_WARN_COMMA = YES;
				CLANG_WARN_CONSTANT_CONVERSION = YES;
				CLANG_WARN_DEPRECATED_OBJC_IMPLEMENTATIONS = YES;
				CLANG_WARN_DIRECT_OBJC_ISA_USAGE = YES_ERROR;
				CLANG_WARN_DOCUMENTATION_COMMENTS = YES;
				CLANG_WARN_EMPTY_BODY = YES;
				CLANG_WARN_ENUM_CONVERSION = YES;
				CLANG_WARN_INFINITE_RECURSION = YES;
				CLANG_WARN_INT_CONVERSION = YES;
				CLANG_WARN_NON_LITERAL_NULL_CONVERSION = YES;
				CLANG_WARN_OBJC_IMPLICIT_RETAIN_SELF = YES;
				CLANG_WARN_OBJC_LITERAL_CONVERSION = YES;
				CLANG_WARN_OBJC_ROOT_CLASS = YES_ERROR;
				CLANG_WARN_QUOTED_INCLUDE_IN_FRAMEWORK_HEADER = YES;
				CLANG_WARN_RANGE_LOOP_ANALYSIS = YES;
				CLANG_WARN_STRICT_PROTOTYPES = YES;
				CLANG_WARN_SUSPICIOUS_MOVE = YES;
				CLANG_WARN_UNGUARDED_AVAILABILITY = YES_AGGRESSIVE;
				CLANG_WARN_UNREACHABLE_CODE = YES;
				CLANG_WARN__DUPLICATE_METHOD_MATCH = YES;
				COPY_PHASE_STRIP = NO;
				DEBUG_INFORMATION_FORMAT = "dwarf-with-dsym";
				DEVELOPMENT_TEAM = 5QHM3X75YP;
				ENABLE_NS_ASSERTIONS = NO;
				ENABLE_STRICT_OBJC_MSGSEND = YES;
				ENABLE_USER_SCRIPT_SANDBOXING = YES;
				GCC_C_LANGUAGE_STANDARD = gnu11;
				GCC_NO_COMMON_BLOCKS = YES;
				GCC_WARN_64_TO_32_BIT_CONVERSION = YES;
				GCC_WARN_ABOUT_RETURN_TYPE = YES_ERROR;
				GCC_WARN_UNDECLARED_SELECTOR = YES;
				GCC_WARN_UNINITIALIZED_AUTOS = YES_AGGRESSIVE;
				GCC_WARN_UNUSED_FUNCTION = YES;
				GCC_WARN_UNUSED_VARIABLE = YES;
				IPHONEOS_DEPLOYMENT_TARGET = 15.0;
				MTL_ENABLE_DEBUG_INFO = NO;
				MTL_FAST_MATH = YES;
				SDKROOT = iphoneos;
				SWIFT_COMPILATION_MODE = wholemodule;
				SWIFT_OPTIMIZATION_LEVEL = "-O";
				VALIDATE_PRODUCT = YES;
			};
			name = dev;
		};
		0BAEDEF42E7B166C00EA6796 /* dev */ = {
			isa = XCBuildConfiguration;
			baseConfigurationReference = 0BAEDF092E7B177800EA6796 /* Dev.xcconfig */;
			buildSettings = {
				ASSETCATALOG_COMPILER_APPICON_NAME = AppIcon;
				ASSETCATALOG_COMPILER_GLOBAL_ACCENT_COLOR_NAME = AccentColor;
				ASSETCATALOG_COMPILER_INCLUDE_ALL_APPICON_ASSETS = YES;
				CODE_SIGN_ENTITLEMENTS = Tumble/Sources/App.entitlements;
				CODE_SIGN_IDENTITY = "Apple Development";
				CODE_SIGN_STYLE = Automatic;
				CURRENT_PROJECT_VERSION = 1;
				DEVELOPMENT_ASSET_PATHS = "";
				DEVELOPMENT_TEAM = 5QHM3X75YP;
				ENABLE_PREVIEWS = YES;
				ENABLE_TESTABILITY = YES;
				ENABLE_TESTING_SEARCH_PATHS = YES;
				GENERATE_INFOPLIST_FILE = YES;
				INFOPLIST_FILE = Tumble/Sources/Info.plist;
				INFOPLIST_KEY_CFBundleDisplayName = Tumble;
				INFOPLIST_KEY_LSApplicationCategoryType = "public.app-category.education";
				INFOPLIST_KEY_NSCameraUsageDescription = "Camera is used for scanning QR codes for room booking functionality in Universities";
				INFOPLIST_KEY_UIApplicationSupportsIndirectInputEvents = YES;
				INFOPLIST_KEY_UILaunchScreen_Generation = YES;
				INFOPLIST_KEY_UIRequiresFullScreen = YES;
				INFOPLIST_KEY_UISupportedInterfaceOrientations = UIInterfaceOrientationPortrait;
				IPHONEOS_DEPLOYMENT_TARGET = 15.0;
				LD_RUNPATH_SEARCH_PATHS = (
					"$(inherited)",
					"@executable_path/Frameworks",
				);
				MARKETING_VERSION = 4.0.0;
				NETWORK_SETTINGS = production;
				NEW_SETTING = "";
				PRODUCT_BUNDLE_IDENTIFIER = com.example.tumble;
				PRODUCT_NAME = Tumble;
				PROVISIONING_PROFILE_SPECIFIER = "";
				SUPPORTED_PLATFORMS = "iphoneos iphonesimulator";
				SUPPORTS_MACCATALYST = NO;
				SUPPORTS_MAC_DESIGNED_FOR_IPHONE_IPAD = YES;
				SUPPORTS_XR_DESIGNED_FOR_IPHONE_IPAD = NO;
				SWIFT_EMIT_LOC_STRINGS = YES;
				SWIFT_VERSION = 5.0;
				TARGETED_DEVICE_FAMILY = "1,2";
			};
			name = dev;
		};
/* End XCBuildConfiguration section */

/* Begin XCConfigurationList section */
		D4722140292454560063BDB7 /* Build configuration list for PBXProject "Tumble" */ = {
			isa = XCConfigurationList;
			buildConfigurations = (
				0BAEDEF32E7B166C00EA6796 /* dev */,
			);
			defaultConfigurationIsVisible = 0;
			defaultConfigurationName = dev;
		};
		D4722153292454570063BDB7 /* Build configuration list for PBXNativeTarget "Tumble iOS" */ = {
			isa = XCConfigurationList;
			buildConfigurations = (
				0BAEDEF42E7B166C00EA6796 /* dev */,
			);
			defaultConfigurationIsVisible = 0;
			defaultConfigurationName = dev;
		};
/* End XCConfigurationList section */

/* Begin XCRemoteSwiftPackageReference section */
		0B5DC81A2E79C7A0001B668F /* XCRemoteSwiftPackageReference "firebase-ios-sdk" */ = {
			isa = XCRemoteSwiftPackageReference;
			repositoryURL = "https://github.com/firebase/firebase-ios-sdk.git";
			requirement = {
				kind = upToNextMajorVersion;
				minimumVersion = 12.3.0;
			};
		};
		0BAEDF352E7B3E5A00EA6796 /* XCRemoteSwiftPackageReference "SwiftState" */ = {
			isa = XCRemoteSwiftPackageReference;
			repositoryURL = "https://github.com/ReactKit/SwiftState.git";
			requirement = {
				kind = upToNextMajorVersion;
				minimumVersion = 6.0.1;
			};
		};
		0BAEE2362E7BFD3500EA6796 /* XCRemoteSwiftPackageReference "KeychainAccess" */ = {
			isa = XCRemoteSwiftPackageReference;
			repositoryURL = "https://github.com/kishikawakatsumi/KeychainAccess.git";
			requirement = {
				branch = master;
				kind = branch;
			};
		};
		0BDE19742E7F82BB004C6A51 /* XCRemoteSwiftPackageReference "SwiftUI-Introspect" */ = {
			isa = XCRemoteSwiftPackageReference;
			repositoryURL = "https://github.com/siteline/SwiftUI-Introspect";
			requirement = {
				kind = upToNextMajorVersion;
				minimumVersion = 26.0.0;
			};
		};
		D42BAC1A298D3D590025EAA9 /* XCRemoteSwiftPackageReference "swift-log" */ = {
			isa = XCRemoteSwiftPackageReference;
			repositoryURL = "https://github.com/apple/swift-log";
			requirement = {
				kind = upToNextMajorVersion;
				minimumVersion = 1.6.1;
			};
		};
		D430F74129C615DC00E30E48 /* XCRemoteSwiftPackageReference "FSCalendar" */ = {
			isa = XCRemoteSwiftPackageReference;
			repositoryURL = "https://github.com/WenchaoD/FSCalendar";
			requirement = {
				kind = upToNextMajorVersion;
				minimumVersion = 2.0.0;
			};
		};
		D4ACD86C2AD9436C00780998 /* XCRemoteSwiftPackageReference "PopupView" */ = {
			isa = XCRemoteSwiftPackageReference;
			repositoryURL = "https://github.com/Mijick/PopupView.git";
			requirement = {
				kind = upToNextMajorVersion;
				minimumVersion = 2.7.0;
			};
		};
/* End XCRemoteSwiftPackageReference section */

/* Begin XCSwiftPackageProductDependency section */
		0B5DC81B2E79C7A0001B668F /* FirebaseAnalytics */ = {
			isa = XCSwiftPackageProductDependency;
			package = 0B5DC81A2E79C7A0001B668F /* XCRemoteSwiftPackageReference "firebase-ios-sdk" */;
			productName = FirebaseAnalytics;
		};
		0B5DC81D2E79C7A0001B668F /* FirebaseAnalyticsCore */ = {
			isa = XCSwiftPackageProductDependency;
			package = 0B5DC81A2E79C7A0001B668F /* XCRemoteSwiftPackageReference "firebase-ios-sdk" */;
			productName = FirebaseAnalyticsCore;
		};
		0B5DC81F2E79C7A0001B668F /* FirebaseCore */ = {
			isa = XCSwiftPackageProductDependency;
			package = 0B5DC81A2E79C7A0001B668F /* XCRemoteSwiftPackageReference "firebase-ios-sdk" */;
			productName = FirebaseCore;
		};
		0B5DC8212E79C7A0001B668F /* FirebaseCrashlytics */ = {
			isa = XCSwiftPackageProductDependency;
			package = 0B5DC81A2E79C7A0001B668F /* XCRemoteSwiftPackageReference "firebase-ios-sdk" */;
			productName = FirebaseCrashlytics;
		};
		0B5DC8232E79C7A0001B668F /* FirebaseInAppMessaging-Beta */ = {
			isa = XCSwiftPackageProductDependency;
			package = 0B5DC81A2E79C7A0001B668F /* XCRemoteSwiftPackageReference "firebase-ios-sdk" */;
			productName = "FirebaseInAppMessaging-Beta";
		};
		0B5DC8252E79C7CF001B668F /* FirebaseMessaging */ = {
			isa = XCSwiftPackageProductDependency;
			package = 0B5DC81A2E79C7A0001B668F /* XCRemoteSwiftPackageReference "firebase-ios-sdk" */;
			productName = FirebaseMessaging;
		};
		0BAEDF362E7B3E5A00EA6796 /* SwiftState */ = {
			isa = XCSwiftPackageProductDependency;
			package = 0BAEDF352E7B3E5A00EA6796 /* XCRemoteSwiftPackageReference "SwiftState" */;
			productName = SwiftState;
		};
		0BAEE2372E7BFD3500EA6796 /* KeychainAccess */ = {
			isa = XCSwiftPackageProductDependency;
			package = 0BAEE2362E7BFD3500EA6796 /* XCRemoteSwiftPackageReference "KeychainAccess" */;
			productName = KeychainAccess;
		};
		0BDE19752E7F82BB004C6A51 /* SwiftUIIntrospect */ = {
			isa = XCSwiftPackageProductDependency;
			package = 0BDE19742E7F82BB004C6A51 /* XCRemoteSwiftPackageReference "SwiftUI-Introspect" */;
			productName = SwiftUIIntrospect;
		};
		D42BAC1B298D3D590025EAA9 /* Logging */ = {
			isa = XCSwiftPackageProductDependency;
			package = D42BAC1A298D3D590025EAA9 /* XCRemoteSwiftPackageReference "swift-log" */;
			productName = Logging;
		};
		D430F74229C615DC00E30E48 /* FSCalendar */ = {
			isa = XCSwiftPackageProductDependency;
			package = D430F74129C615DC00E30E48 /* XCRemoteSwiftPackageReference "FSCalendar" */;
			productName = FSCalendar;
		};
		D4ACD86D2AD9436C00780998 /* MijickPopupView */ = {
			isa = XCSwiftPackageProductDependency;
			package = D4ACD86C2AD9436C00780998 /* XCRemoteSwiftPackageReference "PopupView" */;
			productName = MijickPopupView;
		};
/* End XCSwiftPackageProductDependency section */
	};
	rootObject = D472213D292454560063BDB7 /* Project object */;
}
